// !$*UTF8*$!
{
	archiveVersion = 1;
	classes = {
	};
	objectVersion = 50;
	objects = {

/* Begin PBXBuildFile section */
		0071464AE98095B12778ED15 /* Pods_TodoApplication.framework in Frameworks */ = {isa = PBXBuildFile; fileRef = 3A1DAC8422F13C2259D57BC8 /* Pods_TodoApplication.framework */; };
		8C3C9EAC2184D3DF002F4500 /* AppDelegate.swift in Sources */ = {isa = PBXBuildFile; fileRef = 8C3C9EAB2184D3DF002F4500 /* AppDelegate.swift */; };
		8C3C9EAE2184D3DF002F4500 /* ViewController.swift in Sources */ = {isa = PBXBuildFile; fileRef = 8C3C9EAD2184D3DF002F4500 /* ViewController.swift */; };
		8C3C9EB12184D3DF002F4500 /* Main.storyboard in Resources */ = {isa = PBXBuildFile; fileRef = 8C3C9EAF2184D3DF002F4500 /* Main.storyboard */; };
		8C3C9EB32184D3E0002F4500 /* Assets.xcassets in Resources */ = {isa = PBXBuildFile; fileRef = 8C3C9EB22184D3E0002F4500 /* Assets.xcassets */; };
		8C3C9EB62184D3E0002F4500 /* LaunchScreen.storyboard in Resources */ = {isa = PBXBuildFile; fileRef = 8C3C9EB42184D3E0002F4500 /* LaunchScreen.storyboard */; };
		8C3C9ECF2184D7A4002F4500 /* Task.swift in Sources */ = {isa = PBXBuildFile; fileRef = 8C3C9ECE2184D7A4002F4500 /* Task.swift */; };
		8C3C9ED12184D90C002F4500 /* List.swift in Sources */ = {isa = PBXBuildFile; fileRef = 8C3C9ED02184D90C002F4500 /* List.swift */; };
		8C3C9ED42184D947002F4500 /* Identifier.swift in Sources */ = {isa = PBXBuildFile; fileRef = 8C3C9ED32184D947002F4500 /* Identifier.swift */; };
		8C3C9ED72184DAC4002F4500 /* TaskStorage.swift in Sources */ = {isa = PBXBuildFile; fileRef = 8C3C9ED62184DAC4002F4500 /* TaskStorage.swift */; };
		8C3C9ED92184DB7C002F4500 /* Result.swift in Sources */ = {isa = PBXBuildFile; fileRef = 8C3C9ED82184DB7C002F4500 /* Result.swift */; };
		8C3C9EDB2184DED1002F4500 /* ListStorage.swift in Sources */ = {isa = PBXBuildFile; fileRef = 8C3C9EDA2184DED1002F4500 /* ListStorage.swift */; };
		8C3C9EDD2184DF33002F4500 /* Typealiases.swift in Sources */ = {isa = PBXBuildFile; fileRef = 8C3C9EDC2184DF33002F4500 /* Typealiases.swift */; };
		8C3C9EDF2184E160002F4500 /* ListStorageImpl.swift in Sources */ = {isa = PBXBuildFile; fileRef = 8C3C9EDE2184E160002F4500 /* ListStorageImpl.swift */; };
		8C3C9EE12184E17F002F4500 /* TaskStorageImpl.swift in Sources */ = {isa = PBXBuildFile; fileRef = 8C3C9EE02184E17F002F4500 /* TaskStorageImpl.swift */; };
		8C3C9EE32184E29A002F4500 /* TaskStorageImplTests.swift in Sources */ = {isa = PBXBuildFile; fileRef = 8C3C9EE22184E29A002F4500 /* TaskStorageImplTests.swift */; };
		8C3C9EE62184EE64002F4500 /* Task+Equatable.swift in Sources */ = {isa = PBXBuildFile; fileRef = 8C3C9EE52184EE64002F4500 /* Task+Equatable.swift */; };
		8C3C9EE82184EE81002F4500 /* TestCase.swift in Sources */ = {isa = PBXBuildFile; fileRef = 8C3C9EE72184EE81002F4500 /* TestCase.swift */; };
		8C3C9EEB21859545002F4500 /* RealmTask.swift in Sources */ = {isa = PBXBuildFile; fileRef = 8C3C9EEA21859545002F4500 /* RealmTask.swift */; };
		8C3C9EED2185959C002F4500 /* StorageError.swift in Sources */ = {isa = PBXBuildFile; fileRef = 8C3C9EEC2185959C002F4500 /* StorageError.swift */; };
		8C3C9EEF21859628002F4500 /* StorageTypealiases.swift in Sources */ = {isa = PBXBuildFile; fileRef = 8C3C9EEE21859628002F4500 /* StorageTypealiases.swift */; };
		8C3C9EF121859DB0002F4500 /* RealmList.swift in Sources */ = {isa = PBXBuildFile; fileRef = 8C3C9EF021859DB0002F4500 /* RealmList.swift */; };
		8C3C9EF32185A0CC002F4500 /* ListStorageImplTests.swift in Sources */ = {isa = PBXBuildFile; fileRef = 8C3C9EF22185A0CC002F4500 /* ListStorageImplTests.swift */; };
		8C3C9EF72185B815002F4500 /* TestStorageUtility.swift in Sources */ = {isa = PBXBuildFile; fileRef = 8C3C9EF62185B815002F4500 /* TestStorageUtility.swift */; };
		8C3C9EF92185B897002F4500 /* TestStorageUtilityImpl.swift in Sources */ = {isa = PBXBuildFile; fileRef = 8C3C9EF82185B897002F4500 /* TestStorageUtilityImpl.swift */; };
		8C3C9F042185BE7F002F4500 /* ListRouter.swift in Sources */ = {isa = PBXBuildFile; fileRef = 8C3C9F032185BE7F002F4500 /* ListRouter.swift */; };
		8C3C9F062185BE98002F4500 /* ListViewInput.swift in Sources */ = {isa = PBXBuildFile; fileRef = 8C3C9F052185BE98002F4500 /* ListViewInput.swift */; };
		8C3C9F082185BEAF002F4500 /* ListInteractor.swift in Sources */ = {isa = PBXBuildFile; fileRef = 8C3C9F072185BEAF002F4500 /* ListInteractor.swift */; };
		8C3C9F0A2185BEC6002F4500 /* ListPresenter.swift in Sources */ = {isa = PBXBuildFile; fileRef = 8C3C9F092185BEC6002F4500 /* ListPresenter.swift */; };
		8C3C9F0D2185BF88002F4500 /* TransitionHandler.swift in Sources */ = {isa = PBXBuildFile; fileRef = 8C3C9F0C2185BF88002F4500 /* TransitionHandler.swift */; };
		8C3C9F112185BFF7002F4500 /* ListAssembly.swift in Sources */ = {isa = PBXBuildFile; fileRef = 8C3C9F102185BFF7002F4500 /* ListAssembly.swift */; };
		8C3C9F192185C852002F4500 /* ListViewController.swift in Sources */ = {isa = PBXBuildFile; fileRef = 8C3C9F172185C852002F4500 /* ListViewController.swift */; };
		8C3C9F1A2185C852002F4500 /* ListViewController.xib in Resources */ = {isa = PBXBuildFile; fileRef = 8C3C9F182185C852002F4500 /* ListViewController.xib */; };
		8C3C9F242185CD9C002F4500 /* ListCell.swift in Sources */ = {isa = PBXBuildFile; fileRef = 8C3C9F222185CD9C002F4500 /* ListCell.swift */; };
		8C3C9F252185CD9C002F4500 /* ListCell.xib in Resources */ = {isa = PBXBuildFile; fileRef = 8C3C9F232185CD9C002F4500 /* ListCell.xib */; };
		8C3C9F282185CDDC002F4500 /* UITableViewExtensions.swift in Sources */ = {isa = PBXBuildFile; fileRef = 8C3C9F272185CDDC002F4500 /* UITableViewExtensions.swift */; };
		8C3C9F2A2185D1AA002F4500 /* ListDataFlow.swift in Sources */ = {isa = PBXBuildFile; fileRef = 8C3C9F292185D1AA002F4500 /* ListDataFlow.swift */; };
		8C3C9F2D2185DA31002F4500 /* ListAssemblyTests.swift in Sources */ = {isa = PBXBuildFile; fileRef = 8C3C9F2C2185DA31002F4500 /* ListAssemblyTests.swift */; };
		8C3C9F302185DDAE002F4500 /* ListInteractorTests.swift in Sources */ = {isa = PBXBuildFile; fileRef = 8C3C9F2F2185DDAD002F4500 /* ListInteractorTests.swift */; };
		8C3C9F3A21860E8E002F4500 /* ConfigurableCell.swift in Sources */ = {isa = PBXBuildFile; fileRef = 8C3C9F3921860E8D002F4500 /* ConfigurableCell.swift */; };
		8C3C9F3C21860EF1002F4500 /* ArrayExtensions.swift in Sources */ = {isa = PBXBuildFile; fileRef = 8C3C9F3B21860EF1002F4500 /* ArrayExtensions.swift */; };
		8C3C9F3E21861290002F4500 /* ListViewTableDirector.swift in Sources */ = {isa = PBXBuildFile; fileRef = 8C3C9F3D21861290002F4500 /* ListViewTableDirector.swift */; };
		8C3C9F40218613D5002F4500 /* TableDirector.swift in Sources */ = {isa = PBXBuildFile; fileRef = 8C3C9F3F218613D5002F4500 /* TableDirector.swift */; };
		8C3C9F4221862381002F4500 /* KeyboardObserver.swift in Sources */ = {isa = PBXBuildFile; fileRef = 8C3C9F4121862381002F4500 /* KeyboardObserver.swift */; };
		8C3C9F452186D0EE002F4500 /* Alert.swift in Sources */ = {isa = PBXBuildFile; fileRef = 8C3C9F442186D0EE002F4500 /* Alert.swift */; };
		8C3C9F482186D5A5002F4500 /* ListViewModel.swift in Sources */ = {isa = PBXBuildFile; fileRef = 8C3C9F472186D5A5002F4500 /* ListViewModel.swift */; };
		8C3C9F4C2186F602002F4500 /* Stub.swift in Sources */ = {isa = PBXBuildFile; fileRef = 8C3C9F4B2186F601002F4500 /* Stub.swift */; };
		8C3C9F4E218700C7002F4500 /* ListPresenterTests.swift in Sources */ = {isa = PBXBuildFile; fileRef = 8C3C9F4D218700C7002F4500 /* ListPresenterTests.swift */; };
		8C3C9F5121870112002F4500 /* ListViewInputMock.swift in Sources */ = {isa = PBXBuildFile; fileRef = 8C3C9F5021870112002F4500 /* ListViewInputMock.swift */; };
		8C3C9F5321870B03002F4500 /* ListViewControllerTests.swift in Sources */ = {isa = PBXBuildFile; fileRef = 8C3C9F5221870B03002F4500 /* ListViewControllerTests.swift */; };
		8C3C9F5521870B49002F4500 /* ListRouterMock.swift in Sources */ = {isa = PBXBuildFile; fileRef = 8C3C9F5421870B49002F4500 /* ListRouterMock.swift */; };
		8C3C9F5721870B61002F4500 /* ListInteractorMock.swift in Sources */ = {isa = PBXBuildFile; fileRef = 8C3C9F5621870B61002F4500 /* ListInteractorMock.swift */; };
		8C3C9F5921870B7F002F4500 /* ListViewTableDirectorMock.swift in Sources */ = {isa = PBXBuildFile; fileRef = 8C3C9F5821870B7F002F4500 /* ListViewTableDirectorMock.swift */; };
		8C3C9F5C218714CA002F4500 /* ActivityDisplayble.swift in Sources */ = {isa = PBXBuildFile; fileRef = 8C3C9F5B218714CA002F4500 /* ActivityDisplayble.swift */; };
		8C3C9F5E218714DD002F4500 /* ActivityDisplaybleImpl.swift in Sources */ = {isa = PBXBuildFile; fileRef = 8C3C9F5D218714DD002F4500 /* ActivityDisplaybleImpl.swift */; };
		9D12448EB1B0A3E0A78DD378 /* Pods_TodoApplicationTests.framework in Frameworks */ = {isa = PBXBuildFile; fileRef = B079FCFBA6A51118F88A244D /* Pods_TodoApplicationTests.framework */; };
		FD09276803613D2A4944731E /* ListStorageMock.swift in Sources */ = {isa = PBXBuildFile; fileRef = FD092DB4994C1DD3B859E0E7 /* ListStorageMock.swift */; };
		FD092B18E00D5DC44B3445AA /* ListPresenterMock.swift in Sources */ = {isa = PBXBuildFile; fileRef = FD092CA450F86D04A3FD6534 /* ListPresenterMock.swift */; };
/* End PBXBuildFile section */

/* Begin PBXContainerItemProxy section */
		8C3C9EBD2184D3E0002F4500 /* PBXContainerItemProxy */ = {
			isa = PBXContainerItemProxy;
			containerPortal = 8C3C9EA02184D3DF002F4500 /* Project object */;
			proxyType = 1;
			remoteGlobalIDString = 8C3C9EA72184D3DF002F4500;
			remoteInfo = TodoApplication;
		};
/* End PBXContainerItemProxy section */

/* Begin PBXFileReference section */
		3A1DAC8422F13C2259D57BC8 /* Pods_TodoApplication.framework */ = {isa = PBXFileReference; explicitFileType = wrapper.framework; includeInIndex = 0; path = Pods_TodoApplication.framework; sourceTree = BUILT_PRODUCTS_DIR; };
		5EBAAA6F3C4FF6FA513A9148 /* Pods-TodoApplication.release.xcconfig */ = {isa = PBXFileReference; includeInIndex = 1; lastKnownFileType = text.xcconfig; name = "Pods-TodoApplication.release.xcconfig"; path = "Pods/Target Support Files/Pods-TodoApplication/Pods-TodoApplication.release.xcconfig"; sourceTree = "<group>"; };
		61025B58AE55B85870E34FF2 /* Pods-TodoApplicationTests.release.xcconfig */ = {isa = PBXFileReference; includeInIndex = 1; lastKnownFileType = text.xcconfig; name = "Pods-TodoApplicationTests.release.xcconfig"; path = "Pods/Target Support Files/Pods-TodoApplicationTests/Pods-TodoApplicationTests.release.xcconfig"; sourceTree = "<group>"; };
		6B8A785DE6E421C002381DD9 /* Pods-TodoApplication.debug.xcconfig */ = {isa = PBXFileReference; includeInIndex = 1; lastKnownFileType = text.xcconfig; name = "Pods-TodoApplication.debug.xcconfig"; path = "Pods/Target Support Files/Pods-TodoApplication/Pods-TodoApplication.debug.xcconfig"; sourceTree = "<group>"; };
		8C3C9EA82184D3DF002F4500 /* TodoApplication.app */ = {isa = PBXFileReference; explicitFileType = wrapper.application; includeInIndex = 0; path = TodoApplication.app; sourceTree = BUILT_PRODUCTS_DIR; };
		8C3C9EAB2184D3DF002F4500 /* AppDelegate.swift */ = {isa = PBXFileReference; lastKnownFileType = sourcecode.swift; path = AppDelegate.swift; sourceTree = "<group>"; };
		8C3C9EAD2184D3DF002F4500 /* ViewController.swift */ = {isa = PBXFileReference; lastKnownFileType = sourcecode.swift; path = ViewController.swift; sourceTree = "<group>"; };
		8C3C9EB02184D3DF002F4500 /* Base */ = {isa = PBXFileReference; lastKnownFileType = file.storyboard; name = Base; path = Base.lproj/Main.storyboard; sourceTree = "<group>"; };
		8C3C9EB22184D3E0002F4500 /* Assets.xcassets */ = {isa = PBXFileReference; lastKnownFileType = folder.assetcatalog; path = Assets.xcassets; sourceTree = "<group>"; };
		8C3C9EB52184D3E0002F4500 /* Base */ = {isa = PBXFileReference; lastKnownFileType = file.storyboard; name = Base; path = Base.lproj/LaunchScreen.storyboard; sourceTree = "<group>"; };
		8C3C9EB72184D3E0002F4500 /* Info.plist */ = {isa = PBXFileReference; lastKnownFileType = text.plist.xml; path = Info.plist; sourceTree = "<group>"; };
		8C3C9EBC2184D3E0002F4500 /* TodoApplicationTests.xctest */ = {isa = PBXFileReference; explicitFileType = wrapper.cfbundle; includeInIndex = 0; path = TodoApplicationTests.xctest; sourceTree = BUILT_PRODUCTS_DIR; };
		8C3C9EC22184D3E0002F4500 /* Info.plist */ = {isa = PBXFileReference; lastKnownFileType = text.plist.xml; path = Info.plist; sourceTree = "<group>"; };
		8C3C9ECE2184D7A4002F4500 /* Task.swift */ = {isa = PBXFileReference; lastKnownFileType = sourcecode.swift; path = Task.swift; sourceTree = "<group>"; };
		8C3C9ED02184D90C002F4500 /* List.swift */ = {isa = PBXFileReference; lastKnownFileType = sourcecode.swift; path = List.swift; sourceTree = "<group>"; };
		8C3C9ED32184D947002F4500 /* Identifier.swift */ = {isa = PBXFileReference; lastKnownFileType = sourcecode.swift; path = Identifier.swift; sourceTree = "<group>"; };
		8C3C9ED62184DAC4002F4500 /* TaskStorage.swift */ = {isa = PBXFileReference; lastKnownFileType = sourcecode.swift; path = TaskStorage.swift; sourceTree = "<group>"; };
		8C3C9ED82184DB7C002F4500 /* Result.swift */ = {isa = PBXFileReference; lastKnownFileType = sourcecode.swift; path = Result.swift; sourceTree = "<group>"; };
		8C3C9EDA2184DED1002F4500 /* ListStorage.swift */ = {isa = PBXFileReference; lastKnownFileType = sourcecode.swift; path = ListStorage.swift; sourceTree = "<group>"; };
		8C3C9EDC2184DF33002F4500 /* Typealiases.swift */ = {isa = PBXFileReference; lastKnownFileType = sourcecode.swift; path = Typealiases.swift; sourceTree = "<group>"; };
		8C3C9EDE2184E160002F4500 /* ListStorageImpl.swift */ = {isa = PBXFileReference; lastKnownFileType = sourcecode.swift; path = ListStorageImpl.swift; sourceTree = "<group>"; };
		8C3C9EE02184E17F002F4500 /* TaskStorageImpl.swift */ = {isa = PBXFileReference; lastKnownFileType = sourcecode.swift; path = TaskStorageImpl.swift; sourceTree = "<group>"; };
		8C3C9EE22184E29A002F4500 /* TaskStorageImplTests.swift */ = {isa = PBXFileReference; lastKnownFileType = sourcecode.swift; path = TaskStorageImplTests.swift; sourceTree = "<group>"; };
		8C3C9EE52184EE64002F4500 /* Task+Equatable.swift */ = {isa = PBXFileReference; lastKnownFileType = sourcecode.swift; path = "Task+Equatable.swift"; sourceTree = "<group>"; };
		8C3C9EE72184EE81002F4500 /* TestCase.swift */ = {isa = PBXFileReference; lastKnownFileType = sourcecode.swift; path = TestCase.swift; sourceTree = "<group>"; };
		8C3C9EEA21859545002F4500 /* RealmTask.swift */ = {isa = PBXFileReference; lastKnownFileType = sourcecode.swift; path = RealmTask.swift; sourceTree = "<group>"; };
		8C3C9EEC2185959C002F4500 /* StorageError.swift */ = {isa = PBXFileReference; lastKnownFileType = sourcecode.swift; path = StorageError.swift; sourceTree = "<group>"; };
		8C3C9EEE21859628002F4500 /* StorageTypealiases.swift */ = {isa = PBXFileReference; lastKnownFileType = sourcecode.swift; path = StorageTypealiases.swift; sourceTree = "<group>"; };
		8C3C9EF021859DB0002F4500 /* RealmList.swift */ = {isa = PBXFileReference; lastKnownFileType = sourcecode.swift; path = RealmList.swift; sourceTree = "<group>"; };
		8C3C9EF22185A0CC002F4500 /* ListStorageImplTests.swift */ = {isa = PBXFileReference; lastKnownFileType = sourcecode.swift; path = ListStorageImplTests.swift; sourceTree = "<group>"; };
		8C3C9EF62185B815002F4500 /* TestStorageUtility.swift */ = {isa = PBXFileReference; lastKnownFileType = sourcecode.swift; path = TestStorageUtility.swift; sourceTree = "<group>"; };
		8C3C9EF82185B897002F4500 /* TestStorageUtilityImpl.swift */ = {isa = PBXFileReference; lastKnownFileType = sourcecode.swift; path = TestStorageUtilityImpl.swift; sourceTree = "<group>"; };
		8C3C9F032185BE7F002F4500 /* ListRouter.swift */ = {isa = PBXFileReference; lastKnownFileType = sourcecode.swift; path = ListRouter.swift; sourceTree = "<group>"; };
		8C3C9F052185BE98002F4500 /* ListViewInput.swift */ = {isa = PBXFileReference; lastKnownFileType = sourcecode.swift; path = ListViewInput.swift; sourceTree = "<group>"; };
		8C3C9F072185BEAF002F4500 /* ListInteractor.swift */ = {isa = PBXFileReference; lastKnownFileType = sourcecode.swift; path = ListInteractor.swift; sourceTree = "<group>"; };
		8C3C9F092185BEC6002F4500 /* ListPresenter.swift */ = {isa = PBXFileReference; lastKnownFileType = sourcecode.swift; path = ListPresenter.swift; sourceTree = "<group>"; };
		8C3C9F0C2185BF88002F4500 /* TransitionHandler.swift */ = {isa = PBXFileReference; lastKnownFileType = sourcecode.swift; path = TransitionHandler.swift; sourceTree = "<group>"; };
		8C3C9F102185BFF7002F4500 /* ListAssembly.swift */ = {isa = PBXFileReference; lastKnownFileType = sourcecode.swift; path = ListAssembly.swift; sourceTree = "<group>"; };
		8C3C9F172185C852002F4500 /* ListViewController.swift */ = {isa = PBXFileReference; lastKnownFileType = sourcecode.swift; path = ListViewController.swift; sourceTree = "<group>"; };
		8C3C9F182185C852002F4500 /* ListViewController.xib */ = {isa = PBXFileReference; lastKnownFileType = file.xib; path = ListViewController.xib; sourceTree = "<group>"; };
		8C3C9F222185CD9C002F4500 /* ListCell.swift */ = {isa = PBXFileReference; lastKnownFileType = sourcecode.swift; path = ListCell.swift; sourceTree = "<group>"; };
		8C3C9F232185CD9C002F4500 /* ListCell.xib */ = {isa = PBXFileReference; lastKnownFileType = file.xib; path = ListCell.xib; sourceTree = "<group>"; };
		8C3C9F272185CDDC002F4500 /* UITableViewExtensions.swift */ = {isa = PBXFileReference; lastKnownFileType = sourcecode.swift; path = UITableViewExtensions.swift; sourceTree = "<group>"; };
		8C3C9F292185D1AA002F4500 /* ListDataFlow.swift */ = {isa = PBXFileReference; lastKnownFileType = sourcecode.swift; path = ListDataFlow.swift; sourceTree = "<group>"; };
		8C3C9F2C2185DA31002F4500 /* ListAssemblyTests.swift */ = {isa = PBXFileReference; lastKnownFileType = sourcecode.swift; path = ListAssemblyTests.swift; sourceTree = "<group>"; };
		8C3C9F2F2185DDAD002F4500 /* ListInteractorTests.swift */ = {isa = PBXFileReference; lastKnownFileType = sourcecode.swift; path = ListInteractorTests.swift; sourceTree = "<group>"; };
		8C3C9F3921860E8D002F4500 /* ConfigurableCell.swift */ = {isa = PBXFileReference; lastKnownFileType = sourcecode.swift; path = ConfigurableCell.swift; sourceTree = "<group>"; };
		8C3C9F3B21860EF1002F4500 /* ArrayExtensions.swift */ = {isa = PBXFileReference; lastKnownFileType = sourcecode.swift; path = ArrayExtensions.swift; sourceTree = "<group>"; };
		8C3C9F3D21861290002F4500 /* ListViewTableDirector.swift */ = {isa = PBXFileReference; lastKnownFileType = sourcecode.swift; path = ListViewTableDirector.swift; sourceTree = "<group>"; };
		8C3C9F3F218613D5002F4500 /* TableDirector.swift */ = {isa = PBXFileReference; lastKnownFileType = sourcecode.swift; path = TableDirector.swift; sourceTree = "<group>"; };
		8C3C9F4121862381002F4500 /* KeyboardObserver.swift */ = {isa = PBXFileReference; lastKnownFileType = sourcecode.swift; path = KeyboardObserver.swift; sourceTree = "<group>"; };
		8C3C9F442186D0EE002F4500 /* Alert.swift */ = {isa = PBXFileReference; lastKnownFileType = sourcecode.swift; path = Alert.swift; sourceTree = "<group>"; };
		8C3C9F472186D5A5002F4500 /* ListViewModel.swift */ = {isa = PBXFileReference; lastKnownFileType = sourcecode.swift; path = ListViewModel.swift; sourceTree = "<group>"; };
		8C3C9F4B2186F601002F4500 /* Stub.swift */ = {isa = PBXFileReference; lastKnownFileType = sourcecode.swift; path = Stub.swift; sourceTree = "<group>"; };
		8C3C9F4D218700C7002F4500 /* ListPresenterTests.swift */ = {isa = PBXFileReference; lastKnownFileType = sourcecode.swift; path = ListPresenterTests.swift; sourceTree = "<group>"; };
		8C3C9F5021870112002F4500 /* ListViewInputMock.swift */ = {isa = PBXFileReference; lastKnownFileType = sourcecode.swift; path = ListViewInputMock.swift; sourceTree = "<group>"; };
		8C3C9F5221870B03002F4500 /* ListViewControllerTests.swift */ = {isa = PBXFileReference; lastKnownFileType = sourcecode.swift; path = ListViewControllerTests.swift; sourceTree = "<group>"; };
		8C3C9F5421870B49002F4500 /* ListRouterMock.swift */ = {isa = PBXFileReference; lastKnownFileType = sourcecode.swift; path = ListRouterMock.swift; sourceTree = "<group>"; };
		8C3C9F5621870B61002F4500 /* ListInteractorMock.swift */ = {isa = PBXFileReference; lastKnownFileType = sourcecode.swift; path = ListInteractorMock.swift; sourceTree = "<group>"; };
		8C3C9F5821870B7F002F4500 /* ListViewTableDirectorMock.swift */ = {isa = PBXFileReference; lastKnownFileType = sourcecode.swift; path = ListViewTableDirectorMock.swift; sourceTree = "<group>"; };
		8C3C9F5B218714CA002F4500 /* ActivityDisplayble.swift */ = {isa = PBXFileReference; lastKnownFileType = sourcecode.swift; path = ActivityDisplayble.swift; sourceTree = "<group>"; };
		8C3C9F5D218714DD002F4500 /* ActivityDisplaybleImpl.swift */ = {isa = PBXFileReference; lastKnownFileType = sourcecode.swift; path = ActivityDisplaybleImpl.swift; sourceTree = "<group>"; };
		B079FCFBA6A51118F88A244D /* Pods_TodoApplicationTests.framework */ = {isa = PBXFileReference; explicitFileType = wrapper.framework; includeInIndex = 0; path = Pods_TodoApplicationTests.framework; sourceTree = BUILT_PRODUCTS_DIR; };
		E2C708DAB6C83594CBA66A5D /* Pods-TodoApplicationTests.debug.xcconfig */ = {isa = PBXFileReference; includeInIndex = 1; lastKnownFileType = text.xcconfig; name = "Pods-TodoApplicationTests.debug.xcconfig"; path = "Pods/Target Support Files/Pods-TodoApplicationTests/Pods-TodoApplicationTests.debug.xcconfig"; sourceTree = "<group>"; };
		FD092CA450F86D04A3FD6534 /* ListPresenterMock.swift */ = {isa = PBXFileReference; fileEncoding = 4; lastKnownFileType = sourcecode.swift; path = ListPresenterMock.swift; sourceTree = "<group>"; };
		FD092DB4994C1DD3B859E0E7 /* ListStorageMock.swift */ = {isa = PBXFileReference; fileEncoding = 4; lastKnownFileType = sourcecode.swift; path = ListStorageMock.swift; sourceTree = "<group>"; };
/* End PBXFileReference section */

/* Begin PBXFrameworksBuildPhase section */
		8C3C9EA52184D3DF002F4500 /* Frameworks */ = {
			isa = PBXFrameworksBuildPhase;
			buildActionMask = 2147483647;
			files = (
				0071464AE98095B12778ED15 /* Pods_TodoApplication.framework in Frameworks */,
			);
			runOnlyForDeploymentPostprocessing = 0;
		};
		8C3C9EB92184D3E0002F4500 /* Frameworks */ = {
			isa = PBXFrameworksBuildPhase;
			buildActionMask = 2147483647;
			files = (
				9D12448EB1B0A3E0A78DD378 /* Pods_TodoApplicationTests.framework in Frameworks */,
			);
			runOnlyForDeploymentPostprocessing = 0;
		};
/* End PBXFrameworksBuildPhase section */

/* Begin PBXGroup section */
		7C042111B4EA0B3368CF4C22 /* Frameworks */ = {
			isa = PBXGroup;
			children = (
				3A1DAC8422F13C2259D57BC8 /* Pods_TodoApplication.framework */,
				B079FCFBA6A51118F88A244D /* Pods_TodoApplicationTests.framework */,
			);
			name = Frameworks;
			sourceTree = "<group>";
		};
		8C3C9E9F2184D3DF002F4500 = {
			isa = PBXGroup;
			children = (
				8C3C9EAA2184D3DF002F4500 /* TodoApplication */,
				8C3C9EBF2184D3E0002F4500 /* TodoApplicationTests */,
				8C3C9EA92184D3DF002F4500 /* Products */,
				9B9C09DAC8BA123825F38EE3 /* Pods */,
				7C042111B4EA0B3368CF4C22 /* Frameworks */,
			);
			sourceTree = "<group>";
		};
		8C3C9EA92184D3DF002F4500 /* Products */ = {
			isa = PBXGroup;
			children = (
				8C3C9EA82184D3DF002F4500 /* TodoApplication.app */,
				8C3C9EBC2184D3E0002F4500 /* TodoApplicationTests.xctest */,
				FD0926068C7D6BFDDBAF4A14 /* Mocks */,
			);
			name = Products;
			sourceTree = "<group>";
		};
		8C3C9EAA2184D3DF002F4500 /* TodoApplication */ = {
			isa = PBXGroup;
			children = (
				8C3C9EFB2185BDCD002F4500 /* Modules */,
				8C3C9ED52184DAAE002F4500 /* Storage */,
				8C3C9ED22184D93C002F4500 /* Core */,
				8C3C9ECD2184D784002F4500 /* Models */,
				8C3C9EAB2184D3DF002F4500 /* AppDelegate.swift */,
				8C3C9EAD2184D3DF002F4500 /* ViewController.swift */,
				8C3C9EAF2184D3DF002F4500 /* Main.storyboard */,
				8C3C9EB22184D3E0002F4500 /* Assets.xcassets */,
				8C3C9EB42184D3E0002F4500 /* LaunchScreen.storyboard */,
				8C3C9EB72184D3E0002F4500 /* Info.plist */,
			);
			path = TodoApplication;
			sourceTree = "<group>";
		};
		8C3C9EBF2184D3E0002F4500 /* TodoApplicationTests */ = {
			isa = PBXGroup;
			children = (
				8C3C9F2B2185DA19002F4500 /* Modules */,
				8C3C9F122185C411002F4500 /* Storage */,
				8C3C9EE42184EE4B002F4500 /* UnitTestUtilities */,
				8C3C9EC22184D3E0002F4500 /* Info.plist */,
			);
			path = TodoApplicationTests;
			sourceTree = "<group>";
		};
		8C3C9ECD2184D784002F4500 /* Models */ = {
			isa = PBXGroup;
			children = (
				8C3C9ECE2184D7A4002F4500 /* Task.swift */,
				8C3C9ED02184D90C002F4500 /* List.swift */,
			);
			path = Models;
			sourceTree = "<group>";
		};
		8C3C9ED22184D93C002F4500 /* Core */ = {
			isa = PBXGroup;
			children = (
				8C3C9F5F21871E73002F4500 /* UI */,
				8C3C9F262185CDB5002F4500 /* Extensions */,
				8C3C9F0B2185BF7D002F4500 /* VIP */,
				8C3C9EDC2184DF33002F4500 /* Typealiases.swift */,
				8C3C9ED32184D947002F4500 /* Identifier.swift */,
				8C3C9ED82184DB7C002F4500 /* Result.swift */,
			);
			path = Core;
			sourceTree = "<group>";
		};
		8C3C9ED52184DAAE002F4500 /* Storage */ = {
			isa = PBXGroup;
			children = (
				8C3C9EE921859530002F4500 /* Realm */,
				8C3C9ED62184DAC4002F4500 /* TaskStorage.swift */,
				8C3C9EE02184E17F002F4500 /* TaskStorageImpl.swift */,
				8C3C9EDA2184DED1002F4500 /* ListStorage.swift */,
				8C3C9EDE2184E160002F4500 /* ListStorageImpl.swift */,
				8C3C9EEC2185959C002F4500 /* StorageError.swift */,
				8C3C9EEE21859628002F4500 /* StorageTypealiases.swift */,
			);
			path = Storage;
			sourceTree = "<group>";
		};
		8C3C9EE42184EE4B002F4500 /* UnitTestUtilities */ = {
			isa = PBXGroup;
			children = (
				8C3C9EE52184EE64002F4500 /* Task+Equatable.swift */,
				8C3C9EE72184EE81002F4500 /* TestCase.swift */,
				8C3C9EF62185B815002F4500 /* TestStorageUtility.swift */,
				8C3C9EF82185B897002F4500 /* TestStorageUtilityImpl.swift */,
				8C3C9F4B2186F601002F4500 /* Stub.swift */,
			);
			path = UnitTestUtilities;
			sourceTree = "<group>";
		};
		8C3C9EE921859530002F4500 /* Realm */ = {
			isa = PBXGroup;
			children = (
				8C3C9EEA21859545002F4500 /* RealmTask.swift */,
				8C3C9EF021859DB0002F4500 /* RealmList.swift */,
			);
			path = Realm;
			sourceTree = "<group>";
		};
		8C3C9EFB2185BDCD002F4500 /* Modules */ = {
			isa = PBXGroup;
			children = (
				8C3C9EFD2185BDE7002F4500 /* Task */,
				8C3C9EFC2185BDE1002F4500 /* List */,
			);
			path = Modules;
			sourceTree = "<group>";
		};
		8C3C9EFC2185BDE1002F4500 /* List */ = {
			isa = PBXGroup;
			children = (
				8C3C9EFE2185BE32002F4500 /* Assembly */,
				8C3C9F022185BE5D002F4500 /* Router */,
				8C3C9F012185BE55002F4500 /* View */,
				8C3C9EFF2185BE37002F4500 /* Interactor */,
				8C3C9F002185BE4E002F4500 /* Presenter */,
			);
			path = List;
			sourceTree = "<group>";
		};
		8C3C9EFD2185BDE7002F4500 /* Task */ = {
			isa = PBXGroup;
			children = (
			);
			path = Task;
			sourceTree = "<group>";
		};
		8C3C9EFE2185BE32002F4500 /* Assembly */ = {
			isa = PBXGroup;
			children = (
				8C3C9F102185BFF7002F4500 /* ListAssembly.swift */,
			);
			path = Assembly;
			sourceTree = "<group>";
		};
		8C3C9EFF2185BE37002F4500 /* Interactor */ = {
			isa = PBXGroup;
			children = (
				8C3C9F072185BEAF002F4500 /* ListInteractor.swift */,
			);
			path = Interactor;
			sourceTree = "<group>";
		};
		8C3C9F002185BE4E002F4500 /* Presenter */ = {
			isa = PBXGroup;
			children = (
				8C3C9F092185BEC6002F4500 /* ListPresenter.swift */,
			);
			path = Presenter;
			sourceTree = "<group>";
		};
		8C3C9F012185BE55002F4500 /* View */ = {
			isa = PBXGroup;
			children = (
				8C3C9F1B2185CC4C002F4500 /* Cells */,
				8C3C9F052185BE98002F4500 /* ListViewInput.swift */,
				8C3C9F472186D5A5002F4500 /* ListViewModel.swift */,
				8C3C9F172185C852002F4500 /* ListViewController.swift */,
				8C3C9F182185C852002F4500 /* ListViewController.xib */,
				8C3C9F292185D1AA002F4500 /* ListDataFlow.swift */,
				8C3C9F3D21861290002F4500 /* ListViewTableDirector.swift */,
			);
			path = View;
			sourceTree = "<group>";
		};
		8C3C9F022185BE5D002F4500 /* Router */ = {
			isa = PBXGroup;
			children = (
				8C3C9F032185BE7F002F4500 /* ListRouter.swift */,
			);
			path = Router;
			sourceTree = "<group>";
		};
		8C3C9F0B2185BF7D002F4500 /* VIP */ = {
			isa = PBXGroup;
			children = (
				8C3C9F0C2185BF88002F4500 /* TransitionHandler.swift */,
			);
			path = VIP;
			sourceTree = "<group>";
		};
		8C3C9F122185C411002F4500 /* Storage */ = {
			isa = PBXGroup;
			children = (
				8C3C9EE22184E29A002F4500 /* TaskStorageImplTests.swift */,
				8C3C9EF22185A0CC002F4500 /* ListStorageImplTests.swift */,
			);
			path = Storage;
			sourceTree = "<group>";
		};
		8C3C9F1B2185CC4C002F4500 /* Cells */ = {
			isa = PBXGroup;
			children = (
				8C3C9F222185CD9C002F4500 /* ListCell.swift */,
				8C3C9F232185CD9C002F4500 /* ListCell.xib */,
			);
			path = Cells;
			sourceTree = "<group>";
		};
		8C3C9F262185CDB5002F4500 /* Extensions */ = {
			isa = PBXGroup;
			children = (
				8C3C9F272185CDDC002F4500 /* UITableViewExtensions.swift */,
				8C3C9F3B21860EF1002F4500 /* ArrayExtensions.swift */,
			);
			path = Extensions;
			sourceTree = "<group>";
		};
		8C3C9F2B2185DA19002F4500 /* Modules */ = {
			isa = PBXGroup;
			children = (
				8C3C9F2E2185DA39002F4500 /* List */,
			);
			path = Modules;
			sourceTree = "<group>";
		};
		8C3C9F2E2185DA39002F4500 /* List */ = {
			isa = PBXGroup;
			children = (
				8C3C9F4F218700D6002F4500 /* Mocks */,
				8C3C9F2C2185DA31002F4500 /* ListAssemblyTests.swift */,
				8C3C9F2F2185DDAD002F4500 /* ListInteractorTests.swift */,
				8C3C9F4D218700C7002F4500 /* ListPresenterTests.swift */,
				8C3C9F5221870B03002F4500 /* ListViewControllerTests.swift */,
			);
			path = List;
			sourceTree = "<group>";
		};
		8C3C9F4F218700D6002F4500 /* Mocks */ = {
			isa = PBXGroup;
			children = (
				FD092CA450F86D04A3FD6534 /* ListPresenterMock.swift */,
				FD092DB4994C1DD3B859E0E7 /* ListStorageMock.swift */,
				8C3C9F5021870112002F4500 /* ListViewInputMock.swift */,
				8C3C9F5421870B49002F4500 /* ListRouterMock.swift */,
				8C3C9F5621870B61002F4500 /* ListInteractorMock.swift */,
				8C3C9F5821870B7F002F4500 /* ListViewTableDirectorMock.swift */,
			);
			path = Mocks;
			sourceTree = "<group>";
		};
		8C3C9F5A218712CE002F4500 /* ActivityDisplayble */ = {
			isa = PBXGroup;
			children = (
				8C3C9F5B218714CA002F4500 /* ActivityDisplayble.swift */,
				8C3C9F5D218714DD002F4500 /* ActivityDisplaybleImpl.swift */,
			);
			path = ActivityDisplayble;
			sourceTree = "<group>";
		};
		8C3C9F5F21871E73002F4500 /* UI */ = {
			isa = PBXGroup;
			children = (
				8C3C9F3F218613D5002F4500 /* TableDirector.swift */,
				8C3C9F4121862381002F4500 /* KeyboardObserver.swift */,
				8C3C9F3921860E8D002F4500 /* ConfigurableCell.swift */,
				8C3C9F442186D0EE002F4500 /* Alert.swift */,
				8C3C9F5A218712CE002F4500 /* ActivityDisplayble */,
			);
			path = UI;
			sourceTree = "<group>";
		};
		9B9C09DAC8BA123825F38EE3 /* Pods */ = {
			isa = PBXGroup;
			children = (
				6B8A785DE6E421C002381DD9 /* Pods-TodoApplication.debug.xcconfig */,
				5EBAAA6F3C4FF6FA513A9148 /* Pods-TodoApplication.release.xcconfig */,
				E2C708DAB6C83594CBA66A5D /* Pods-TodoApplicationTests.debug.xcconfig */,
				61025B58AE55B85870E34FF2 /* Pods-TodoApplicationTests.release.xcconfig */,
			);
			name = Pods;
			sourceTree = "<group>";
		};
		FD0926068C7D6BFDDBAF4A14 /* Mocks */ = {
			isa = PBXGroup;
			children = (
			);
			name = Mocks;
			path = TodoApplicationTests/Mocks;
			sourceTree = "<group>";
		};
/* End PBXGroup section */

/* Begin PBXNativeTarget section */
		8C3C9EA72184D3DF002F4500 /* TodoApplication */ = {
			isa = PBXNativeTarget;
			buildConfigurationList = 8C3C9EC52184D3E0002F4500 /* Build configuration list for PBXNativeTarget "TodoApplication" */;
			buildPhases = (
				F3AE5710599C18BF025D52FE /* [CP] Check Pods Manifest.lock */,
				8C3C9EA42184D3DF002F4500 /* Sources */,
				8C3C9EA52184D3DF002F4500 /* Frameworks */,
				8C3C9EA62184D3DF002F4500 /* Resources */,
				8C3C9ECB2184D454002F4500 /* SwiftLint Autocorrect */,
				8C3C9ECC2184D47E002F4500 /* SwiftLint Lint */,
				714C809E462F7E7CE8DE0664 /* [CP] Embed Pods Frameworks */,
			);
			buildRules = (
			);
			dependencies = (
			);
			name = TodoApplication;
			productName = TodoApplication;
			productReference = 8C3C9EA82184D3DF002F4500 /* TodoApplication.app */;
			productType = "com.apple.product-type.application";
		};
		8C3C9EBB2184D3E0002F4500 /* TodoApplicationTests */ = {
			isa = PBXNativeTarget;
			buildConfigurationList = 8C3C9EC82184D3E0002F4500 /* Build configuration list for PBXNativeTarget "TodoApplicationTests" */;
			buildPhases = (
				154362E3F31C04125BEA8ED5 /* [CP] Check Pods Manifest.lock */,
				8C3C9EB82184D3E0002F4500 /* Sources */,
				8C3C9EB92184D3E0002F4500 /* Frameworks */,
				8C3C9EBA2184D3E0002F4500 /* Resources */,
				00CF452EB0D33112B5105E4E /* [CP] Embed Pods Frameworks */,
			);
			buildRules = (
			);
			dependencies = (
				8C3C9EBE2184D3E0002F4500 /* PBXTargetDependency */,
			);
			name = TodoApplicationTests;
			productName = TodoApplicationTests;
			productReference = 8C3C9EBC2184D3E0002F4500 /* TodoApplicationTests.xctest */;
			productType = "com.apple.product-type.bundle.unit-test";
		};
/* End PBXNativeTarget section */

/* Begin PBXProject section */
		8C3C9EA02184D3DF002F4500 /* Project object */ = {
			isa = PBXProject;
			attributes = {
				LastSwiftUpdateCheck = 1000;
				LastUpgradeCheck = 1000;
				ORGANIZATIONNAME = "Калтырин Владимир Александрович";
				TargetAttributes = {
					8C3C9EA72184D3DF002F4500 = {
						CreatedOnToolsVersion = 10.0;
					};
					8C3C9EBB2184D3E0002F4500 = {
						CreatedOnToolsVersion = 10.0;
						TestTargetID = 8C3C9EA72184D3DF002F4500;
					};
				};
			};
			buildConfigurationList = 8C3C9EA32184D3DF002F4500 /* Build configuration list for PBXProject "TodoApplication" */;
			compatibilityVersion = "Xcode 9.3";
			developmentRegion = en;
			hasScannedForEncodings = 0;
			knownRegions = (
				en,
				Base,
			);
			mainGroup = 8C3C9E9F2184D3DF002F4500;
			productRefGroup = 8C3C9EA92184D3DF002F4500 /* Products */;
			projectDirPath = "";
			projectRoot = "";
			targets = (
				8C3C9EA72184D3DF002F4500 /* TodoApplication */,
				8C3C9EBB2184D3E0002F4500 /* TodoApplicationTests */,
			);
		};
/* End PBXProject section */

/* Begin PBXResourcesBuildPhase section */
		8C3C9EA62184D3DF002F4500 /* Resources */ = {
			isa = PBXResourcesBuildPhase;
			buildActionMask = 2147483647;
			files = (
				8C3C9EB62184D3E0002F4500 /* LaunchScreen.storyboard in Resources */,
				8C3C9F252185CD9C002F4500 /* ListCell.xib in Resources */,
				8C3C9EB32184D3E0002F4500 /* Assets.xcassets in Resources */,
				8C3C9F1A2185C852002F4500 /* ListViewController.xib in Resources */,
				8C3C9EB12184D3DF002F4500 /* Main.storyboard in Resources */,
			);
			runOnlyForDeploymentPostprocessing = 0;
		};
		8C3C9EBA2184D3E0002F4500 /* Resources */ = {
			isa = PBXResourcesBuildPhase;
			buildActionMask = 2147483647;
			files = (
			);
			runOnlyForDeploymentPostprocessing = 0;
		};
/* End PBXResourcesBuildPhase section */

/* Begin PBXShellScriptBuildPhase section */
		00CF452EB0D33112B5105E4E /* [CP] Embed Pods Frameworks */ = {
			isa = PBXShellScriptBuildPhase;
			buildActionMask = 2147483647;
			files = (
			);
			inputPaths = (
				"${SRCROOT}/Pods/Target Support Files/Pods-TodoApplicationTests/Pods-TodoApplicationTests-frameworks.sh",
				"${BUILT_PRODUCTS_DIR}/Realm/Realm.framework",
				"${BUILT_PRODUCTS_DIR}/RealmSwift/RealmSwift.framework",
			);
			name = "[CP] Embed Pods Frameworks";
			outputPaths = (
				"${TARGET_BUILD_DIR}/${FRAMEWORKS_FOLDER_PATH}/Realm.framework",
				"${TARGET_BUILD_DIR}/${FRAMEWORKS_FOLDER_PATH}/RealmSwift.framework",
			);
			runOnlyForDeploymentPostprocessing = 0;
			shellPath = /bin/sh;
			shellScript = "\"${SRCROOT}/Pods/Target Support Files/Pods-TodoApplicationTests/Pods-TodoApplicationTests-frameworks.sh\"\n";
			showEnvVarsInLog = 0;
		};
		154362E3F31C04125BEA8ED5 /* [CP] Check Pods Manifest.lock */ = {
			isa = PBXShellScriptBuildPhase;
			buildActionMask = 2147483647;
			files = (
			);
			inputPaths = (
				"${PODS_PODFILE_DIR_PATH}/Podfile.lock",
				"${PODS_ROOT}/Manifest.lock",
			);
			name = "[CP] Check Pods Manifest.lock";
			outputPaths = (
				"$(DERIVED_FILE_DIR)/Pods-TodoApplicationTests-checkManifestLockResult.txt",
			);
			runOnlyForDeploymentPostprocessing = 0;
			shellPath = /bin/sh;
			shellScript = "diff \"${PODS_PODFILE_DIR_PATH}/Podfile.lock\" \"${PODS_ROOT}/Manifest.lock\" > /dev/null\nif [ $? != 0 ] ; then\n    # print error to STDERR\n    echo \"error: The sandbox is not in sync with the Podfile.lock. Run 'pod install' or update your CocoaPods installation.\" >&2\n    exit 1\nfi\n# This output is used by Xcode 'outputs' to avoid re-running this script phase.\necho \"SUCCESS\" > \"${SCRIPT_OUTPUT_FILE_0}\"\n";
			showEnvVarsInLog = 0;
		};
		714C809E462F7E7CE8DE0664 /* [CP] Embed Pods Frameworks */ = {
			isa = PBXShellScriptBuildPhase;
			buildActionMask = 2147483647;
			files = (
			);
			inputPaths = (
				"${SRCROOT}/Pods/Target Support Files/Pods-TodoApplication/Pods-TodoApplication-frameworks.sh",
				"${BUILT_PRODUCTS_DIR}/Realm/Realm.framework",
				"${BUILT_PRODUCTS_DIR}/RealmSwift/RealmSwift.framework",
			);
			name = "[CP] Embed Pods Frameworks";
			outputPaths = (
				"${TARGET_BUILD_DIR}/${FRAMEWORKS_FOLDER_PATH}/Realm.framework",
				"${TARGET_BUILD_DIR}/${FRAMEWORKS_FOLDER_PATH}/RealmSwift.framework",
			);
			runOnlyForDeploymentPostprocessing = 0;
			shellPath = /bin/sh;
			shellScript = "\"${SRCROOT}/Pods/Target Support Files/Pods-TodoApplication/Pods-TodoApplication-frameworks.sh\"\n";
			showEnvVarsInLog = 0;
		};
		8C3C9ECB2184D454002F4500 /* SwiftLint Autocorrect */ = {
			isa = PBXShellScriptBuildPhase;
			buildActionMask = 2147483647;
			files = (
			);
			inputPaths = (
			);
			name = "SwiftLint Autocorrect";
			outputPaths = (
			);
			runOnlyForDeploymentPostprocessing = 0;
			shellPath = /bin/sh;
			shellScript = "${PODS_ROOT}/SwiftLint/swiftlint autocorrect\n";
		};
		8C3C9ECC2184D47E002F4500 /* SwiftLint Lint */ = {
			isa = PBXShellScriptBuildPhase;
			buildActionMask = 2147483647;
			files = (
			);
			inputPaths = (
			);
			name = "SwiftLint Lint";
			outputPaths = (
			);
			runOnlyForDeploymentPostprocessing = 0;
			shellPath = /bin/sh;
			shellScript = "${PODS_ROOT}/SwiftLint/swiftlint\n";
		};
		F3AE5710599C18BF025D52FE /* [CP] Check Pods Manifest.lock */ = {
			isa = PBXShellScriptBuildPhase;
			buildActionMask = 2147483647;
			files = (
			);
			inputPaths = (
				"${PODS_PODFILE_DIR_PATH}/Podfile.lock",
				"${PODS_ROOT}/Manifest.lock",
			);
			name = "[CP] Check Pods Manifest.lock";
			outputPaths = (
				"$(DERIVED_FILE_DIR)/Pods-TodoApplication-checkManifestLockResult.txt",
			);
			runOnlyForDeploymentPostprocessing = 0;
			shellPath = /bin/sh;
			shellScript = "diff \"${PODS_PODFILE_DIR_PATH}/Podfile.lock\" \"${PODS_ROOT}/Manifest.lock\" > /dev/null\nif [ $? != 0 ] ; then\n    # print error to STDERR\n    echo \"error: The sandbox is not in sync with the Podfile.lock. Run 'pod install' or update your CocoaPods installation.\" >&2\n    exit 1\nfi\n# This output is used by Xcode 'outputs' to avoid re-running this script phase.\necho \"SUCCESS\" > \"${SCRIPT_OUTPUT_FILE_0}\"\n";
			showEnvVarsInLog = 0;
		};
/* End PBXShellScriptBuildPhase section */

/* Begin PBXSourcesBuildPhase section */
		8C3C9EA42184D3DF002F4500 /* Sources */ = {
			isa = PBXSourcesBuildPhase;
			buildActionMask = 2147483647;
			files = (
				8C3C9F3A21860E8E002F4500 /* ConfigurableCell.swift in Sources */,
				8C3C9F4221862381002F4500 /* KeyboardObserver.swift in Sources */,
				8C3C9EDD2184DF33002F4500 /* Typealiases.swift in Sources */,
				8C3C9F5E218714DD002F4500 /* ActivityDisplaybleImpl.swift in Sources */,
				8C3C9EAE2184D3DF002F4500 /* ViewController.swift in Sources */,
				8C3C9F0A2185BEC6002F4500 /* ListPresenter.swift in Sources */,
				8C3C9F0D2185BF88002F4500 /* TransitionHandler.swift in Sources */,
				8C3C9EED2185959C002F4500 /* StorageError.swift in Sources */,
				8C3C9F40218613D5002F4500 /* TableDirector.swift in Sources */,
				8C3C9F062185BE98002F4500 /* ListViewInput.swift in Sources */,
				8C3C9EEB21859545002F4500 /* RealmTask.swift in Sources */,
				8C3C9ED42184D947002F4500 /* Identifier.swift in Sources */,
				8C3C9ED72184DAC4002F4500 /* TaskStorage.swift in Sources */,
				8C3C9F112185BFF7002F4500 /* ListAssembly.swift in Sources */,
				8C3C9ED12184D90C002F4500 /* List.swift in Sources */,
				8C3C9EDF2184E160002F4500 /* ListStorageImpl.swift in Sources */,
				8C3C9EF121859DB0002F4500 /* RealmList.swift in Sources */,
				8C3C9ED92184DB7C002F4500 /* Result.swift in Sources */,
				8C3C9F5C218714CA002F4500 /* ActivityDisplayble.swift in Sources */,
				8C3C9EE12184E17F002F4500 /* TaskStorageImpl.swift in Sources */,
				8C3C9F282185CDDC002F4500 /* UITableViewExtensions.swift in Sources */,
				8C3C9F192185C852002F4500 /* ListViewController.swift in Sources */,
				8C3C9F082185BEAF002F4500 /* ListInteractor.swift in Sources */,
				8C3C9EEF21859628002F4500 /* StorageTypealiases.swift in Sources */,
				8C3C9F482186D5A5002F4500 /* ListViewModel.swift in Sources */,
				8C3C9F042185BE7F002F4500 /* ListRouter.swift in Sources */,
				8C3C9F3E21861290002F4500 /* ListViewTableDirector.swift in Sources */,
				8C3C9F452186D0EE002F4500 /* Alert.swift in Sources */,
				8C3C9F2A2185D1AA002F4500 /* ListDataFlow.swift in Sources */,
				8C3C9EDB2184DED1002F4500 /* ListStorage.swift in Sources */,
				8C3C9F242185CD9C002F4500 /* ListCell.swift in Sources */,
				8C3C9ECF2184D7A4002F4500 /* Task.swift in Sources */,
				8C3C9F3C21860EF1002F4500 /* ArrayExtensions.swift in Sources */,
				8C3C9EAC2184D3DF002F4500 /* AppDelegate.swift in Sources */,
			);
			runOnlyForDeploymentPostprocessing = 0;
		};
		8C3C9EB82184D3E0002F4500 /* Sources */ = {
			isa = PBXSourcesBuildPhase;
			buildActionMask = 2147483647;
			files = (
				8C3C9F5121870112002F4500 /* ListViewInputMock.swift in Sources */,
				8C3C9F4C2186F602002F4500 /* Stub.swift in Sources */,
				8C3C9EE32184E29A002F4500 /* TaskStorageImplTests.swift in Sources */,
				8C3C9F4E218700C7002F4500 /* ListPresenterTests.swift in Sources */,
				8C3C9F5721870B61002F4500 /* ListInteractorMock.swift in Sources */,
				8C3C9F5321870B03002F4500 /* ListViewControllerTests.swift in Sources */,
				8C3C9EF72185B815002F4500 /* TestStorageUtility.swift in Sources */,
				8C3C9EE62184EE64002F4500 /* Task+Equatable.swift in Sources */,
				8C3C9EF92185B897002F4500 /* TestStorageUtilityImpl.swift in Sources */,
				8C3C9EE82184EE81002F4500 /* TestCase.swift in Sources */,
				8C3C9F2D2185DA31002F4500 /* ListAssemblyTests.swift in Sources */,
				8C3C9F5521870B49002F4500 /* ListRouterMock.swift in Sources */,
				8C3C9F302185DDAE002F4500 /* ListInteractorTests.swift in Sources */,
				8C3C9EF32185A0CC002F4500 /* ListStorageImplTests.swift in Sources */,
				FD092B18E00D5DC44B3445AA /* ListPresenterMock.swift in Sources */,
				FD09276803613D2A4944731E /* ListStorageMock.swift in Sources */,
				8C3C9F5921870B7F002F4500 /* ListViewTableDirectorMock.swift in Sources */,
			);
			runOnlyForDeploymentPostprocessing = 0;
		};
/* End PBXSourcesBuildPhase section */

/* Begin PBXTargetDependency section */
		8C3C9EBE2184D3E0002F4500 /* PBXTargetDependency */ = {
			isa = PBXTargetDependency;
			target = 8C3C9EA72184D3DF002F4500 /* TodoApplication */;
			targetProxy = 8C3C9EBD2184D3E0002F4500 /* PBXContainerItemProxy */;
		};
/* End PBXTargetDependency section */

/* Begin PBXVariantGroup section */
		8C3C9EAF2184D3DF002F4500 /* Main.storyboard */ = {
			isa = PBXVariantGroup;
			children = (
				8C3C9EB02184D3DF002F4500 /* Base */,
			);
			name = Main.storyboard;
			sourceTree = "<group>";
		};
		8C3C9EB42184D3E0002F4500 /* LaunchScreen.storyboard */ = {
			isa = PBXVariantGroup;
			children = (
				8C3C9EB52184D3E0002F4500 /* Base */,
			);
			name = LaunchScreen.storyboard;
			sourceTree = "<group>";
		};
/* End PBXVariantGroup section */

/* Begin XCBuildConfiguration section */
		8C3C9EC32184D3E0002F4500 /* Debug */ = {
			isa = XCBuildConfiguration;
			buildSettings = {
				ALWAYS_SEARCH_USER_PATHS = NO;
				CLANG_ANALYZER_NONNULL = YES;
				CLANG_ANALYZER_NUMBER_OBJECT_CONVERSION = YES_AGGRESSIVE;
				CLANG_CXX_LANGUAGE_STANDARD = "gnu++14";
				CLANG_CXX_LIBRARY = "libc++";
				CLANG_ENABLE_MODULES = YES;
				CLANG_ENABLE_OBJC_ARC = YES;
				CLANG_ENABLE_OBJC_WEAK = YES;
				CLANG_WARN_BLOCK_CAPTURE_AUTORELEASING = YES;
				CLANG_WARN_BOOL_CONVERSION = YES;
				CLANG_WARN_COMMA = YES;
				CLANG_WARN_CONSTANT_CONVERSION = YES;
				CLANG_WARN_DEPRECATED_OBJC_IMPLEMENTATIONS = YES;
				CLANG_WARN_DIRECT_OBJC_ISA_USAGE = YES_ERROR;
				CLANG_WARN_DOCUMENTATION_COMMENTS = YES;
				CLANG_WARN_EMPTY_BODY = YES;
				CLANG_WARN_ENUM_CONVERSION = YES;
				CLANG_WARN_INFINITE_RECURSION = YES;
				CLANG_WARN_INT_CONVERSION = YES;
				CLANG_WARN_NON_LITERAL_NULL_CONVERSION = YES;
				CLANG_WARN_OBJC_IMPLICIT_RETAIN_SELF = YES;
				CLANG_WARN_OBJC_LITERAL_CONVERSION = YES;
				CLANG_WARN_OBJC_ROOT_CLASS = YES_ERROR;
				CLANG_WARN_RANGE_LOOP_ANALYSIS = YES;
				CLANG_WARN_STRICT_PROTOTYPES = YES;
				CLANG_WARN_SUSPICIOUS_MOVE = YES;
				CLANG_WARN_UNGUARDED_AVAILABILITY = YES_AGGRESSIVE;
				CLANG_WARN_UNREACHABLE_CODE = YES;
				CLANG_WARN__DUPLICATE_METHOD_MATCH = YES;
				CODE_SIGN_IDENTITY = "iPhone Developer";
				COPY_PHASE_STRIP = NO;
				DEBUG_INFORMATION_FORMAT = dwarf;
				ENABLE_STRICT_OBJC_MSGSEND = YES;
				ENABLE_TESTABILITY = YES;
				GCC_C_LANGUAGE_STANDARD = gnu11;
				GCC_DYNAMIC_NO_PIC = NO;
				GCC_NO_COMMON_BLOCKS = YES;
				GCC_OPTIMIZATION_LEVEL = 0;
				GCC_PREPROCESSOR_DEFINITIONS = (
					"DEBUG=1",
					"$(inherited)",
				);
				GCC_WARN_64_TO_32_BIT_CONVERSION = YES;
				GCC_WARN_ABOUT_RETURN_TYPE = YES_ERROR;
				GCC_WARN_UNDECLARED_SELECTOR = YES;
				GCC_WARN_UNINITIALIZED_AUTOS = YES_AGGRESSIVE;
				GCC_WARN_UNUSED_FUNCTION = YES;
				GCC_WARN_UNUSED_VARIABLE = YES;
				IPHONEOS_DEPLOYMENT_TARGET = 12.0;
				MTL_ENABLE_DEBUG_INFO = INCLUDE_SOURCE;
				MTL_FAST_MATH = YES;
				ONLY_ACTIVE_ARCH = YES;
				SDKROOT = iphoneos;
				SWIFT_ACTIVE_COMPILATION_CONDITIONS = DEBUG;
				SWIFT_OPTIMIZATION_LEVEL = "-Onone";
			};
			name = Debug;
		};
		8C3C9EC42184D3E0002F4500 /* Release */ = {
			isa = XCBuildConfiguration;
			buildSettings = {
				ALWAYS_SEARCH_USER_PATHS = NO;
				CLANG_ANALYZER_NONNULL = YES;
				CLANG_ANALYZER_NUMBER_OBJECT_CONVERSION = YES_AGGRESSIVE;
				CLANG_CXX_LANGUAGE_STANDARD = "gnu++14";
				CLANG_CXX_LIBRARY = "libc++";
				CLANG_ENABLE_MODULES = YES;
				CLANG_ENABLE_OBJC_ARC = YES;
				CLANG_ENABLE_OBJC_WEAK = YES;
				CLANG_WARN_BLOCK_CAPTURE_AUTORELEASING = YES;
				CLANG_WARN_BOOL_CONVERSION = YES;
				CLANG_WARN_COMMA = YES;
				CLANG_WARN_CONSTANT_CONVERSION = YES;
				CLANG_WARN_DEPRECATED_OBJC_IMPLEMENTATIONS = YES;
				CLANG_WARN_DIRECT_OBJC_ISA_USAGE = YES_ERROR;
				CLANG_WARN_DOCUMENTATION_COMMENTS = YES;
				CLANG_WARN_EMPTY_BODY = YES;
				CLANG_WARN_ENUM_CONVERSION = YES;
				CLANG_WARN_INFINITE_RECURSION = YES;
				CLANG_WARN_INT_CONVERSION = YES;
				CLANG_WARN_NON_LITERAL_NULL_CONVERSION = YES;
				CLANG_WARN_OBJC_IMPLICIT_RETAIN_SELF = YES;
				CLANG_WARN_OBJC_LITERAL_CONVERSION = YES;
				CLANG_WARN_OBJC_ROOT_CLASS = YES_ERROR;
				CLANG_WARN_RANGE_LOOP_ANALYSIS = YES;
				CLANG_WARN_STRICT_PROTOTYPES = YES;
				CLANG_WARN_SUSPICIOUS_MOVE = YES;
				CLANG_WARN_UNGUARDED_AVAILABILITY = YES_AGGRESSIVE;
				CLANG_WARN_UNREACHABLE_CODE = YES;
				CLANG_WARN__DUPLICATE_METHOD_MATCH = YES;
				CODE_SIGN_IDENTITY = "iPhone Developer";
				COPY_PHASE_STRIP = NO;
				DEBUG_INFORMATION_FORMAT = "dwarf-with-dsym";
				ENABLE_NS_ASSERTIONS = NO;
				ENABLE_STRICT_OBJC_MSGSEND = YES;
				GCC_C_LANGUAGE_STANDARD = gnu11;
				GCC_NO_COMMON_BLOCKS = YES;
				GCC_WARN_64_TO_32_BIT_CONVERSION = YES;
				GCC_WARN_ABOUT_RETURN_TYPE = YES_ERROR;
				GCC_WARN_UNDECLARED_SELECTOR = YES;
				GCC_WARN_UNINITIALIZED_AUTOS = YES_AGGRESSIVE;
				GCC_WARN_UNUSED_FUNCTION = YES;
				GCC_WARN_UNUSED_VARIABLE = YES;
				IPHONEOS_DEPLOYMENT_TARGET = 12.0;
				MTL_ENABLE_DEBUG_INFO = NO;
				MTL_FAST_MATH = YES;
				SDKROOT = iphoneos;
				SWIFT_COMPILATION_MODE = wholemodule;
				SWIFT_OPTIMIZATION_LEVEL = "-O";
				VALIDATE_PRODUCT = YES;
			};
			name = Release;
		};
		8C3C9EC62184D3E0002F4500 /* Debug */ = {
			isa = XCBuildConfiguration;
			baseConfigurationReference = 6B8A785DE6E421C002381DD9 /* Pods-TodoApplication.debug.xcconfig */;
			buildSettings = {
				ASSETCATALOG_COMPILER_APPICON_NAME = AppIcon;
				CODE_SIGN_STYLE = Automatic;
				DEVELOPMENT_TEAM = Y6QKS4Y8B9;
				INFOPLIST_FILE = TodoApplication/Info.plist;
				LD_RUNPATH_SEARCH_PATHS = (
					"$(inherited)",
					"@executable_path/Frameworks",
				);
				PRODUCT_BUNDLE_IDENTIFIER = com.vkaltyrin.TodoApplication;
				PRODUCT_NAME = "$(TARGET_NAME)";
				SWIFT_VERSION = 4.2;
				TARGETED_DEVICE_FAMILY = "1,2";
			};
			name = Debug;
		};
		8C3C9EC72184D3E0002F4500 /* Release */ = {
			isa = XCBuildConfiguration;
			baseConfigurationReference = 5EBAAA6F3C4FF6FA513A9148 /* Pods-TodoApplication.release.xcconfig */;
			buildSettings = {
				ASSETCATALOG_COMPILER_APPICON_NAME = AppIcon;
				CODE_SIGN_STYLE = Automatic;
				DEVELOPMENT_TEAM = Y6QKS4Y8B9;
				INFOPLIST_FILE = TodoApplication/Info.plist;
				LD_RUNPATH_SEARCH_PATHS = (
					"$(inherited)",
					"@executable_path/Frameworks",
				);
				PRODUCT_BUNDLE_IDENTIFIER = com.vkaltyrin.TodoApplication;
				PRODUCT_NAME = "$(TARGET_NAME)";
				SWIFT_VERSION = 4.2;
				TARGETED_DEVICE_FAMILY = "1,2";
			};
			name = Release;
		};
		8C3C9EC92184D3E0002F4500 /* Debug */ = {
			isa = XCBuildConfiguration;
			baseConfigurationReference = E2C708DAB6C83594CBA66A5D /* Pods-TodoApplicationTests.debug.xcconfig */;
			buildSettings = {
				ALWAYS_EMBED_SWIFT_STANDARD_LIBRARIES = YES;
				BUNDLE_LOADER = "$(TEST_HOST)";
				CODE_SIGN_STYLE = Automatic;
				DEVELOPMENT_TEAM = Y6QKS4Y8B9;
				INFOPLIST_FILE = TodoApplicationTests/Info.plist;
				LD_RUNPATH_SEARCH_PATHS = (
					"$(inherited)",
					"@executable_path/Frameworks",
					"@loader_path/Frameworks",
				);
				PRODUCT_BUNDLE_IDENTIFIER = com.vkaltyrin.TodoApplicationTests;
				PRODUCT_NAME = "$(TARGET_NAME)";
				SWIFT_VERSION = 4.2;
				TARGETED_DEVICE_FAMILY = "1,2";
				TEST_HOST = "$(BUILT_PRODUCTS_DIR)/TodoApplication.app/TodoApplication";
			};
			name = Debug;
		};
		8C3C9ECA2184D3E0002F4500 /* Release */ = {
			isa = XCBuildConfiguration;
			baseConfigurationReference = 61025B58AE55B85870E34FF2 /* Pods-TodoApplicationTests.release.xcconfig */;
			buildSettings = {
				ALWAYS_EMBED_SWIFT_STANDARD_LIBRARIES = YES;
				BUNDLE_LOADER = "$(TEST_HOST)";
				CODE_SIGN_STYLE = Automatic;
				DEVELOPMENT_TEAM = Y6QKS4Y8B9;
				INFOPLIST_FILE = TodoApplicationTests/Info.plist;
				LD_RUNPATH_SEARCH_PATHS = (
					"$(inherited)",
					"@executable_path/Frameworks",
					"@loader_path/Frameworks",
				);
				PRODUCT_BUNDLE_IDENTIFIER = com.vkaltyrin.TodoApplicationTests;
				PRODUCT_NAME = "$(TARGET_NAME)";
				SWIFT_VERSION = 4.2;
				TARGETED_DEVICE_FAMILY = "1,2";
				TEST_HOST = "$(BUILT_PRODUCTS_DIR)/TodoApplication.app/TodoApplication";
			};
			name = Release;
		};
/* End XCBuildConfiguration section */

/* Begin XCConfigurationList section */
		8C3C9EA32184D3DF002F4500 /* Build configuration list for PBXProject "TodoApplication" */ = {
			isa = XCConfigurationList;
			buildConfigurations = (
				8C3C9EC32184D3E0002F4500 /* Debug */,
				8C3C9EC42184D3E0002F4500 /* Release */,
			);
			defaultConfigurationIsVisible = 0;
			defaultConfigurationName = Release;
		};
		8C3C9EC52184D3E0002F4500 /* Build configuration list for PBXNativeTarget "TodoApplication" */ = {
			isa = XCConfigurationList;
			buildConfigurations = (
				8C3C9EC62184D3E0002F4500 /* Debug */,
				8C3C9EC72184D3E0002F4500 /* Release */,
			);
			defaultConfigurationIsVisible = 0;
			defaultConfigurationName = Release;
		};
		8C3C9EC82184D3E0002F4500 /* Build configuration list for PBXNativeTarget "TodoApplicationTests" */ = {
			isa = XCConfigurationList;
			buildConfigurations = (
				8C3C9EC92184D3E0002F4500 /* Debug */,
				8C3C9ECA2184D3E0002F4500 /* Release */,
			);
			defaultConfigurationIsVisible = 0;
			defaultConfigurationName = Release;
		};
/* End XCConfigurationList section */
	};
	rootObject = 8C3C9EA02184D3DF002F4500 /* Project object */;
}
