// !$*UTF8*$!
{
	archiveVersion = 1;
	classes = {
	};
	objectVersion = 50;
	objects = {

/* Begin PBXBuildFile section */
		0071464AE98095B12778ED15 /* Pods_TodoApplication.framework in Frameworks */ = {isa = PBXBuildFile; fileRef = 3A1DAC8422F13C2259D57BC8 /* Pods_TodoApplication.framework */; };
		160B3FC7EB329AFC74D32103 /* EarlGrey.framework in EarlGrey Copy Files */ = {isa = PBXBuildFile; fileRef = D1F19CEE97F9FEB255637457 /* EarlGrey.framework */; settings = {ATTRIBUTES = (CodeSignOnCopy, ); }; };
		617D6EFB7675BBEB9A3776DB /* EarlGrey.framework in Frameworks */ = {isa = PBXBuildFile; fileRef = D1F19CEE97F9FEB255637457 /* EarlGrey.framework */; };
		8C1E1EA7218B3D95000C0984 /* ConfigurableCellMock.swift in Sources */ = {isa = PBXBuildFile; fileRef = 8C1E1EA6218B3D95000C0984 /* ConfigurableCellMock.swift */; };
		8C3C9EAC2184D3DF002F4500 /* AppDelegate.swift in Sources */ = {isa = PBXBuildFile; fileRef = 8C3C9EAB2184D3DF002F4500 /* AppDelegate.swift */; };
		8C3C9EB12184D3DF002F4500 /* Main.storyboard in Resources */ = {isa = PBXBuildFile; fileRef = 8C3C9EAF2184D3DF002F4500 /* Main.storyboard */; };
		8C3C9EB32184D3E0002F4500 /* Assets.xcassets in Resources */ = {isa = PBXBuildFile; fileRef = 8C3C9EB22184D3E0002F4500 /* Assets.xcassets */; };
		8C3C9EB62184D3E0002F4500 /* LaunchScreen.storyboard in Resources */ = {isa = PBXBuildFile; fileRef = 8C3C9EB42184D3E0002F4500 /* LaunchScreen.storyboard */; };
		8C3C9ECF2184D7A4002F4500 /* Task.swift in Sources */ = {isa = PBXBuildFile; fileRef = 8C3C9ECE2184D7A4002F4500 /* Task.swift */; };
		8C3C9ED12184D90C002F4500 /* List.swift in Sources */ = {isa = PBXBuildFile; fileRef = 8C3C9ED02184D90C002F4500 /* List.swift */; };
		8C3C9ED42184D947002F4500 /* Identifier.swift in Sources */ = {isa = PBXBuildFile; fileRef = 8C3C9ED32184D947002F4500 /* Identifier.swift */; };
		8C3C9ED72184DAC4002F4500 /* TaskStorage.swift in Sources */ = {isa = PBXBuildFile; fileRef = 8C3C9ED62184DAC4002F4500 /* TaskStorage.swift */; };
		8C3C9ED92184DB7C002F4500 /* Result.swift in Sources */ = {isa = PBXBuildFile; fileRef = 8C3C9ED82184DB7C002F4500 /* Result.swift */; };
		8C3C9EDB2184DED1002F4500 /* ListStorage.swift in Sources */ = {isa = PBXBuildFile; fileRef = 8C3C9EDA2184DED1002F4500 /* ListStorage.swift */; };
		8C3C9EDD2184DF33002F4500 /* Typealiases.swift in Sources */ = {isa = PBXBuildFile; fileRef = 8C3C9EDC2184DF33002F4500 /* Typealiases.swift */; };
		8C3C9EDF2184E160002F4500 /* ListStorageImpl.swift in Sources */ = {isa = PBXBuildFile; fileRef = 8C3C9EDE2184E160002F4500 /* ListStorageImpl.swift */; };
		8C3C9EE12184E17F002F4500 /* TaskStorageImpl.swift in Sources */ = {isa = PBXBuildFile; fileRef = 8C3C9EE02184E17F002F4500 /* TaskStorageImpl.swift */; };
		8C3C9EE32184E29A002F4500 /* TaskStorageImplTests.swift in Sources */ = {isa = PBXBuildFile; fileRef = 8C3C9EE22184E29A002F4500 /* TaskStorageImplTests.swift */; };
		8C3C9EE62184EE64002F4500 /* Task+Equatable.swift in Sources */ = {isa = PBXBuildFile; fileRef = 8C3C9EE52184EE64002F4500 /* Task+Equatable.swift */; };
		8C3C9EE82184EE81002F4500 /* TestCase.swift in Sources */ = {isa = PBXBuildFile; fileRef = 8C3C9EE72184EE81002F4500 /* TestCase.swift */; };
		8C3C9EEB21859545002F4500 /* RealmTask.swift in Sources */ = {isa = PBXBuildFile; fileRef = 8C3C9EEA21859545002F4500 /* RealmTask.swift */; };
		8C3C9EED2185959C002F4500 /* StorageError.swift in Sources */ = {isa = PBXBuildFile; fileRef = 8C3C9EEC2185959C002F4500 /* StorageError.swift */; };
		8C3C9EEF21859628002F4500 /* StorageTypealiases.swift in Sources */ = {isa = PBXBuildFile; fileRef = 8C3C9EEE21859628002F4500 /* StorageTypealiases.swift */; };
		8C3C9EF121859DB0002F4500 /* RealmList.swift in Sources */ = {isa = PBXBuildFile; fileRef = 8C3C9EF021859DB0002F4500 /* RealmList.swift */; };
		8C3C9EF32185A0CC002F4500 /* ListStorageImplTests.swift in Sources */ = {isa = PBXBuildFile; fileRef = 8C3C9EF22185A0CC002F4500 /* ListStorageImplTests.swift */; };
		8C3C9EF72185B815002F4500 /* TestStorageUtility.swift in Sources */ = {isa = PBXBuildFile; fileRef = 8C3C9EF62185B815002F4500 /* TestStorageUtility.swift */; };
		8C3C9EF92185B897002F4500 /* TestStorageUtilityImpl.swift in Sources */ = {isa = PBXBuildFile; fileRef = 8C3C9EF82185B897002F4500 /* TestStorageUtilityImpl.swift */; };
		8C3C9F042185BE7F002F4500 /* ListRouterImpl.swift in Sources */ = {isa = PBXBuildFile; fileRef = 8C3C9F032185BE7F002F4500 /* ListRouterImpl.swift */; };
		8C3C9F062185BE98002F4500 /* ListViewInput.swift in Sources */ = {isa = PBXBuildFile; fileRef = 8C3C9F052185BE98002F4500 /* ListViewInput.swift */; };
		8C3C9F082185BEAF002F4500 /* ListInteractorImpl.swift in Sources */ = {isa = PBXBuildFile; fileRef = 8C3C9F072185BEAF002F4500 /* ListInteractorImpl.swift */; };
		8C3C9F0A2185BEC6002F4500 /* ListPresenterImpl.swift in Sources */ = {isa = PBXBuildFile; fileRef = 8C3C9F092185BEC6002F4500 /* ListPresenterImpl.swift */; };
		8C3C9F0D2185BF88002F4500 /* TransitionHandler.swift in Sources */ = {isa = PBXBuildFile; fileRef = 8C3C9F0C2185BF88002F4500 /* TransitionHandler.swift */; };
		8C3C9F112185BFF7002F4500 /* ListAssembly.swift in Sources */ = {isa = PBXBuildFile; fileRef = 8C3C9F102185BFF7002F4500 /* ListAssembly.swift */; };
		8C3C9F192185C852002F4500 /* ListViewController.swift in Sources */ = {isa = PBXBuildFile; fileRef = 8C3C9F172185C852002F4500 /* ListViewController.swift */; };
		8C3C9F1A2185C852002F4500 /* ListViewController.xib in Resources */ = {isa = PBXBuildFile; fileRef = 8C3C9F182185C852002F4500 /* ListViewController.xib */; };
		8C3C9F242185CD9C002F4500 /* ListCell.swift in Sources */ = {isa = PBXBuildFile; fileRef = 8C3C9F222185CD9C002F4500 /* ListCell.swift */; };
		8C3C9F252185CD9C002F4500 /* ListCell.xib in Resources */ = {isa = PBXBuildFile; fileRef = 8C3C9F232185CD9C002F4500 /* ListCell.xib */; };
		8C3C9F282185CDDC002F4500 /* UITableViewExtensions.swift in Sources */ = {isa = PBXBuildFile; fileRef = 8C3C9F272185CDDC002F4500 /* UITableViewExtensions.swift */; };
		8C3C9F2A2185D1AA002F4500 /* ListDataFlow.swift in Sources */ = {isa = PBXBuildFile; fileRef = 8C3C9F292185D1AA002F4500 /* ListDataFlow.swift */; };
		8C3C9F2D2185DA31002F4500 /* ListAssemblyTests.swift in Sources */ = {isa = PBXBuildFile; fileRef = 8C3C9F2C2185DA31002F4500 /* ListAssemblyTests.swift */; };
		8C3C9F302185DDAE002F4500 /* ListInteractorTests.swift in Sources */ = {isa = PBXBuildFile; fileRef = 8C3C9F2F2185DDAD002F4500 /* ListInteractorTests.swift */; };
		8C3C9F3A21860E8E002F4500 /* ConfigurableCell.swift in Sources */ = {isa = PBXBuildFile; fileRef = 8C3C9F3921860E8D002F4500 /* ConfigurableCell.swift */; };
		8C3C9F3C21860EF1002F4500 /* ArrayExtensions.swift in Sources */ = {isa = PBXBuildFile; fileRef = 8C3C9F3B21860EF1002F4500 /* ArrayExtensions.swift */; };
		8C3C9F40218613D5002F4500 /* TableDirector.swift in Sources */ = {isa = PBXBuildFile; fileRef = 8C3C9F3F218613D5002F4500 /* TableDirector.swift */; };
		8C3C9F4221862381002F4500 /* KeyboardObserver.swift in Sources */ = {isa = PBXBuildFile; fileRef = 8C3C9F4121862381002F4500 /* KeyboardObserver.swift */; };
		8C3C9F452186D0EE002F4500 /* Alert.swift in Sources */ = {isa = PBXBuildFile; fileRef = 8C3C9F442186D0EE002F4500 /* Alert.swift */; };
		8C3C9F482186D5A5002F4500 /* ListViewModel.swift in Sources */ = {isa = PBXBuildFile; fileRef = 8C3C9F472186D5A5002F4500 /* ListViewModel.swift */; };
		8C3C9F4C2186F602002F4500 /* Stub.swift in Sources */ = {isa = PBXBuildFile; fileRef = 8C3C9F4B2186F601002F4500 /* Stub.swift */; };
		8C3C9F4E218700C7002F4500 /* ListPresenterTests.swift in Sources */ = {isa = PBXBuildFile; fileRef = 8C3C9F4D218700C7002F4500 /* ListPresenterTests.swift */; };
		8C3C9F5321870B03002F4500 /* ListViewControllerTests.swift in Sources */ = {isa = PBXBuildFile; fileRef = 8C3C9F5221870B03002F4500 /* ListViewControllerTests.swift */; };
		8C3C9F5C218714CA002F4500 /* ActivityDisplayble.swift in Sources */ = {isa = PBXBuildFile; fileRef = 8C3C9F5B218714CA002F4500 /* ActivityDisplayble.swift */; };
		8C3C9F5E218714DD002F4500 /* ActivityDisplaybleImpl.swift in Sources */ = {isa = PBXBuildFile; fileRef = 8C3C9F5D218714DD002F4500 /* ActivityDisplaybleImpl.swift */; };
		8C3C9F702187221E002F4500 /* BaseTestAction.swift in Sources */ = {isa = PBXBuildFile; fileRef = 8C3C9F6F2187221E002F4500 /* BaseTestAction.swift */; };
		8C3C9F7221872235002F4500 /* BaseTestCase.swift in Sources */ = {isa = PBXBuildFile; fileRef = 8C3C9F7121872235002F4500 /* BaseTestCase.swift */; };
		8C3C9F742187227C002F4500 /* TestUtils.swift in Sources */ = {isa = PBXBuildFile; fileRef = 8C3C9F732187227C002F4500 /* TestUtils.swift */; };
		8C3C9F7621872292002F4500 /* Navigator.swift in Sources */ = {isa = PBXBuildFile; fileRef = 8C3C9F7521872292002F4500 /* Navigator.swift */; };
		8C3C9F78218722A3002F4500 /* KeyboardListener.swift in Sources */ = {isa = PBXBuildFile; fileRef = 8C3C9F77218722A3002F4500 /* KeyboardListener.swift */; };
		8C3C9F7A218722C2002F4500 /* Atomic.swift in Sources */ = {isa = PBXBuildFile; fileRef = 8C3C9F79218722C2002F4500 /* Atomic.swift */; };
		8C3C9F832187236E002F4500 /* CreateNewListTestCase.swift in Sources */ = {isa = PBXBuildFile; fileRef = 8C3C9F822187236E002F4500 /* CreateNewListTestCase.swift */; };
		8C3C9F852187243B002F4500 /* CreateListAction.swift in Sources */ = {isa = PBXBuildFile; fileRef = 8C3C9F842187243B002F4500 /* CreateListAction.swift */; };
		8C3C9F87218724CD002F4500 /* UIAccessibilityIdentificationExtensions.swift in Sources */ = {isa = PBXBuildFile; fileRef = 8C3C9F86218724CD002F4500 /* UIAccessibilityIdentificationExtensions.swift */; };
		8C3C9F8821872935002F4500 /* TestStorageUtility.swift in Sources */ = {isa = PBXBuildFile; fileRef = 8C3C9EF62185B815002F4500 /* TestStorageUtility.swift */; };
		8C3C9F8921872937002F4500 /* TestStorageUtilityImpl.swift in Sources */ = {isa = PBXBuildFile; fileRef = 8C3C9EF82185B897002F4500 /* TestStorageUtilityImpl.swift */; };
		8C3C9F8B218729F6002F4500 /* EnterListNameAction.swift in Sources */ = {isa = PBXBuildFile; fileRef = 8C3C9F8A218729F6002F4500 /* EnterListNameAction.swift */; };
		8C3C9F8F21873AAB002F4500 /* EarlGreyActions.swift in Sources */ = {isa = PBXBuildFile; fileRef = 8C3C9F8E21873AAB002F4500 /* EarlGreyActions.swift */; };
		8C3C9FB0218741FD002F4500 /* TaskViewInput.swift in Sources */ = {isa = PBXBuildFile; fileRef = 8C3C9F9E218741FC002F4500 /* TaskViewInput.swift */; };
		8C3C9FB1218741FD002F4500 /* TaskCell.swift in Sources */ = {isa = PBXBuildFile; fileRef = 8C3C9FA0218741FC002F4500 /* TaskCell.swift */; };
		8C3C9FB2218741FD002F4500 /* TaskCell.xib in Resources */ = {isa = PBXBuildFile; fileRef = 8C3C9FA1218741FC002F4500 /* TaskCell.xib */; };
		8C3C9FB3218741FD002F4500 /* TaskViewController.xib in Resources */ = {isa = PBXBuildFile; fileRef = 8C3C9FA2218741FC002F4500 /* TaskViewController.xib */; };
		8C3C9FB4218741FD002F4500 /* TaskViewController.swift in Sources */ = {isa = PBXBuildFile; fileRef = 8C3C9FA3218741FC002F4500 /* TaskViewController.swift */; };
		8C3C9FB5218741FD002F4500 /* TaskViewTableDirector.swift in Sources */ = {isa = PBXBuildFile; fileRef = 8C3C9FA4218741FC002F4500 /* TaskViewTableDirector.swift */; };
		8C3C9FB6218741FD002F4500 /* TaskDataFlow.swift in Sources */ = {isa = PBXBuildFile; fileRef = 8C3C9FA5218741FC002F4500 /* TaskDataFlow.swift */; };
		8C3C9FB7218741FD002F4500 /* TaskViewModel.swift in Sources */ = {isa = PBXBuildFile; fileRef = 8C3C9FA6218741FC002F4500 /* TaskViewModel.swift */; };
		8C3C9FB8218741FD002F4500 /* TaskInteractor.swift in Sources */ = {isa = PBXBuildFile; fileRef = 8C3C9FA8218741FC002F4500 /* TaskInteractor.swift */; };
		8C3C9FBA218741FD002F4500 /* TaskAssembly.swift in Sources */ = {isa = PBXBuildFile; fileRef = 8C3C9FAB218741FD002F4500 /* TaskAssembly.swift */; };
		8C3C9FBB218741FD002F4500 /* TaskPresenter.swift in Sources */ = {isa = PBXBuildFile; fileRef = 8C3C9FAD218741FD002F4500 /* TaskPresenter.swift */; };
		8C3C9FBE21874E5A002F4500 /* DialogBuilder.swift in Sources */ = {isa = PBXBuildFile; fileRef = 8C3C9FBD21874E5A002F4500 /* DialogBuilder.swift */; };
		8C3C9FCC218756C3002F4500 /* TaskPresenterTests.swift in Sources */ = {isa = PBXBuildFile; fileRef = 8C3C9FC1218756C2002F4500 /* TaskPresenterTests.swift */; };
		8C3C9FCD218756C3002F4500 /* TaskAssemblyTests.swift in Sources */ = {isa = PBXBuildFile; fileRef = 8C3C9FC2218756C2002F4500 /* TaskAssemblyTests.swift */; };
		8C3C9FD4218756C3002F4500 /* TaskViewControllerTests.swift in Sources */ = {isa = PBXBuildFile; fileRef = 8C3C9FCA218756C2002F4500 /* TaskViewControllerTests.swift */; };
		8C3C9FD5218756C3002F4500 /* TaskInteractorTests.swift in Sources */ = {isa = PBXBuildFile; fileRef = 8C3C9FCB218756C2002F4500 /* TaskInteractorTests.swift */; };
		8C45A1F02187A50200542D11 /* TaskPresenterMock.swift in Sources */ = {isa = PBXBuildFile; fileRef = 8C45A1EF2187A50200542D11 /* TaskPresenterMock.swift */; };
		8C5F24302187606D00D207A1 /* ListRouterTests.swift in Sources */ = {isa = PBXBuildFile; fileRef = 8C5F242F2187606D00D207A1 /* ListRouterTests.swift */; };
		8C5F243E218760F600D207A1 /* ListRouterMock.swift in Sources */ = {isa = PBXBuildFile; fileRef = 8C5F2433218760F500D207A1 /* ListRouterMock.swift */; };
		8C5F243F218760F600D207A1 /* TaskViewInputMock.swift in Sources */ = {isa = PBXBuildFile; fileRef = 8C5F2434218760F500D207A1 /* TaskViewInputMock.swift */; };
		8C5F2440218760F600D207A1 /* ListViewInputMock.swift in Sources */ = {isa = PBXBuildFile; fileRef = 8C5F2435218760F500D207A1 /* ListViewInputMock.swift */; };
		8C5F2441218760F600D207A1 /* TaskInteractorMock.swift in Sources */ = {isa = PBXBuildFile; fileRef = 8C5F2436218760F500D207A1 /* TaskInteractorMock.swift */; };
		8C5F2442218760F600D207A1 /* ListPresenterMock.swift in Sources */ = {isa = PBXBuildFile; fileRef = 8C5F2437218760F500D207A1 /* ListPresenterMock.swift */; };
		8C5F2443218760F600D207A1 /* ListStorageMock.swift in Sources */ = {isa = PBXBuildFile; fileRef = 8C5F2438218760F500D207A1 /* ListStorageMock.swift */; };
		8C5F2444218760F600D207A1 /* TaskStorageMock.swift in Sources */ = {isa = PBXBuildFile; fileRef = 8C5F2439218760F500D207A1 /* TaskStorageMock.swift */; };
		8C5F2446218760F600D207A1 /* ListInteractorMock.swift in Sources */ = {isa = PBXBuildFile; fileRef = 8C5F243B218760F500D207A1 /* ListInteractorMock.swift */; };
		8C5F2447218760F600D207A1 /* TaskViewTableDirectorMock.swift in Sources */ = {isa = PBXBuildFile; fileRef = 8C5F243C218760F500D207A1 /* TaskViewTableDirectorMock.swift */; };
		8C5F244A2187610100D207A1 /* TransitionHandlerMock.swift in Sources */ = {isa = PBXBuildFile; fileRef = 8C5F24492187610100D207A1 /* TransitionHandlerMock.swift */; };
		8C5F244C218765E800D207A1 /* BaseCell.swift in Sources */ = {isa = PBXBuildFile; fileRef = 8C5F244B218765E800D207A1 /* BaseCell.swift */; };
		8C5F24632187842800D207A1 /* AccessibleCell.swift in Sources */ = {isa = PBXBuildFile; fileRef = 8C5F24622187842800D207A1 /* AccessibleCell.swift */; };
		8CB184B0218B4C8400129C31 /* TableManagerMock.swift in Sources */ = {isa = PBXBuildFile; fileRef = 8CB184AF218B4C8400129C31 /* TableManagerMock.swift */; };
		8CB184B2218B50E200129C31 /* ListRouter.swift in Sources */ = {isa = PBXBuildFile; fileRef = 8CB184B1218B50E200129C31 /* ListRouter.swift */; };
		8CB184B4218B510600129C31 /* ListPresenter.swift in Sources */ = {isa = PBXBuildFile; fileRef = 8CB184B3218B510600129C31 /* ListPresenter.swift */; };
		8CB184B6218B512F00129C31 /* ListInteractor.swift in Sources */ = {isa = PBXBuildFile; fileRef = 8CB184B5218B512F00129C31 /* ListInteractor.swift */; };
		8CDDC091218A2B2F00D23170 /* TableManager.swift in Sources */ = {isa = PBXBuildFile; fileRef = 8CDDC090218A2B2F00D23170 /* TableManager.swift */; };
		8CDDC093218A39A900D23170 /* CellConfigurator.swift in Sources */ = {isa = PBXBuildFile; fileRef = 8CDDC092218A39A900D23170 /* CellConfigurator.swift */; };
		8CDDC095218A39C100D23170 /* TableCell.swift in Sources */ = {isa = PBXBuildFile; fileRef = 8CDDC094218A39C100D23170 /* TableCell.swift */; };
		8CDDC097218A39DA00D23170 /* TableSection.swift in Sources */ = {isa = PBXBuildFile; fileRef = 8CDDC096218A39DA00D23170 /* TableSection.swift */; };
		8CDDC099218A3A6400D23170 /* TableCellAction.swift in Sources */ = {isa = PBXBuildFile; fileRef = 8CDDC098218A3A6400D23170 /* TableCellAction.swift */; };
		8CDDC09B218A4B6800D23170 /* ListTableBuilder.swift in Sources */ = {isa = PBXBuildFile; fileRef = 8CDDC09A218A4B6800D23170 /* ListTableBuilder.swift */; };
		8CDDC09D218A4B9700D23170 /* TableBuilder.swift in Sources */ = {isa = PBXBuildFile; fileRef = 8CDDC09C218A4B9700D23170 /* TableBuilder.swift */; };
		8CDDC09F218ABD9A00D23170 /* CellFocusable.swift in Sources */ = {isa = PBXBuildFile; fileRef = 8CDDC09E218ABD9A00D23170 /* CellFocusable.swift */; };
		8CDDC0A1218ADCFB00D23170 /* ListTableBuilderTests.swift in Sources */ = {isa = PBXBuildFile; fileRef = 8CDDC0A0218ADCFB00D23170 /* ListTableBuilderTests.swift */; };
		991C9E411C41FEC5B93054CF /* EarlGrey.swift in Sources */ = {isa = PBXBuildFile; fileRef = AE0C703D376E6204152F9605 /* EarlGrey.swift */; };
		9D12448EB1B0A3E0A78DD378 /* Pods_TodoApplicationTests.framework in Frameworks */ = {isa = PBXBuildFile; fileRef = B079FCFBA6A51118F88A244D /* Pods_TodoApplicationTests.framework */; };
		C72E180E779DE45BF60B3BA2 /* Pods_TodoApplicationUITests.framework in Frameworks */ = {isa = PBXBuildFile; fileRef = 5E1C4C140F247C2F4227EB8C /* Pods_TodoApplicationUITests.framework */; };
/* End PBXBuildFile section */

/* Begin PBXContainerItemProxy section */
		8C3C9EBD2184D3E0002F4500 /* PBXContainerItemProxy */ = {
			isa = PBXContainerItemProxy;
			containerPortal = 8C3C9EA02184D3DF002F4500 /* Project object */;
			proxyType = 1;
			remoteGlobalIDString = 8C3C9EA72184D3DF002F4500;
			remoteInfo = TodoApplication;
		};
		8C3C9F6921872154002F4500 /* PBXContainerItemProxy */ = {
			isa = PBXContainerItemProxy;
			containerPortal = 8C3C9EA02184D3DF002F4500 /* Project object */;
			proxyType = 1;
			remoteGlobalIDString = 8C3C9EA72184D3DF002F4500;
			remoteInfo = TodoApplication;
		};
/* End PBXContainerItemProxy section */

/* Begin PBXCopyFilesBuildPhase section */
		DA9AD8B989135270E323CF93 /* EarlGrey Copy Files */ = {
			isa = PBXCopyFilesBuildPhase;
			buildActionMask = 2147483647;
			dstPath = "$(TEST_HOST)/../";
			dstSubfolderSpec = 0;
			files = (
				160B3FC7EB329AFC74D32103 /* EarlGrey.framework in EarlGrey Copy Files */,
			);
			name = "EarlGrey Copy Files";
			runOnlyForDeploymentPostprocessing = 0;
		};
/* End PBXCopyFilesBuildPhase section */

/* Begin PBXFileReference section */
		2F1FA72C6A06E34AA2519FDD /* Pods-TodoApplicationUITests.debug.xcconfig */ = {isa = PBXFileReference; includeInIndex = 1; lastKnownFileType = text.xcconfig; name = "Pods-TodoApplicationUITests.debug.xcconfig"; path = "Pods/Target Support Files/Pods-TodoApplicationUITests/Pods-TodoApplicationUITests.debug.xcconfig"; sourceTree = "<group>"; };
		3A1DAC8422F13C2259D57BC8 /* Pods_TodoApplication.framework */ = {isa = PBXFileReference; explicitFileType = wrapper.framework; includeInIndex = 0; path = Pods_TodoApplication.framework; sourceTree = BUILT_PRODUCTS_DIR; };
		5CA81EC6984FBBE1C2972F67 /* Pods-TodoApplicationUITests.release.xcconfig */ = {isa = PBXFileReference; includeInIndex = 1; lastKnownFileType = text.xcconfig; name = "Pods-TodoApplicationUITests.release.xcconfig"; path = "Pods/Target Support Files/Pods-TodoApplicationUITests/Pods-TodoApplicationUITests.release.xcconfig"; sourceTree = "<group>"; };
		5E1C4C140F247C2F4227EB8C /* Pods_TodoApplicationUITests.framework */ = {isa = PBXFileReference; explicitFileType = wrapper.framework; includeInIndex = 0; path = Pods_TodoApplicationUITests.framework; sourceTree = BUILT_PRODUCTS_DIR; };
		5EBAAA6F3C4FF6FA513A9148 /* Pods-TodoApplication.release.xcconfig */ = {isa = PBXFileReference; includeInIndex = 1; lastKnownFileType = text.xcconfig; name = "Pods-TodoApplication.release.xcconfig"; path = "Pods/Target Support Files/Pods-TodoApplication/Pods-TodoApplication.release.xcconfig"; sourceTree = "<group>"; };
		61025B58AE55B85870E34FF2 /* Pods-TodoApplicationTests.release.xcconfig */ = {isa = PBXFileReference; includeInIndex = 1; lastKnownFileType = text.xcconfig; name = "Pods-TodoApplicationTests.release.xcconfig"; path = "Pods/Target Support Files/Pods-TodoApplicationTests/Pods-TodoApplicationTests.release.xcconfig"; sourceTree = "<group>"; };
		6B8A785DE6E421C002381DD9 /* Pods-TodoApplication.debug.xcconfig */ = {isa = PBXFileReference; includeInIndex = 1; lastKnownFileType = text.xcconfig; name = "Pods-TodoApplication.debug.xcconfig"; path = "Pods/Target Support Files/Pods-TodoApplication/Pods-TodoApplication.debug.xcconfig"; sourceTree = "<group>"; };
		8C1E1EA6218B3D95000C0984 /* ConfigurableCellMock.swift */ = {isa = PBXFileReference; lastKnownFileType = sourcecode.swift; path = ConfigurableCellMock.swift; sourceTree = "<group>"; };
		8C3C9EA82184D3DF002F4500 /* TodoApplication.app */ = {isa = PBXFileReference; explicitFileType = wrapper.application; includeInIndex = 0; path = TodoApplication.app; sourceTree = BUILT_PRODUCTS_DIR; };
		8C3C9EAB2184D3DF002F4500 /* AppDelegate.swift */ = {isa = PBXFileReference; lastKnownFileType = sourcecode.swift; path = AppDelegate.swift; sourceTree = "<group>"; };
		8C3C9EB02184D3DF002F4500 /* Base */ = {isa = PBXFileReference; lastKnownFileType = file.storyboard; name = Base; path = Base.lproj/Main.storyboard; sourceTree = "<group>"; };
		8C3C9EB22184D3E0002F4500 /* Assets.xcassets */ = {isa = PBXFileReference; lastKnownFileType = folder.assetcatalog; path = Assets.xcassets; sourceTree = "<group>"; };
		8C3C9EB52184D3E0002F4500 /* Base */ = {isa = PBXFileReference; lastKnownFileType = file.storyboard; name = Base; path = Base.lproj/LaunchScreen.storyboard; sourceTree = "<group>"; };
		8C3C9EB72184D3E0002F4500 /* Info.plist */ = {isa = PBXFileReference; lastKnownFileType = text.plist.xml; path = Info.plist; sourceTree = "<group>"; };
		8C3C9EBC2184D3E0002F4500 /* TodoApplicationTests.xctest */ = {isa = PBXFileReference; explicitFileType = wrapper.cfbundle; includeInIndex = 0; path = TodoApplicationTests.xctest; sourceTree = BUILT_PRODUCTS_DIR; };
		8C3C9EC22184D3E0002F4500 /* Info.plist */ = {isa = PBXFileReference; lastKnownFileType = text.plist.xml; path = Info.plist; sourceTree = "<group>"; };
		8C3C9ECE2184D7A4002F4500 /* Task.swift */ = {isa = PBXFileReference; lastKnownFileType = sourcecode.swift; path = Task.swift; sourceTree = "<group>"; };
		8C3C9ED02184D90C002F4500 /* List.swift */ = {isa = PBXFileReference; lastKnownFileType = sourcecode.swift; path = List.swift; sourceTree = "<group>"; };
		8C3C9ED32184D947002F4500 /* Identifier.swift */ = {isa = PBXFileReference; lastKnownFileType = sourcecode.swift; path = Identifier.swift; sourceTree = "<group>"; };
		8C3C9ED62184DAC4002F4500 /* TaskStorage.swift */ = {isa = PBXFileReference; lastKnownFileType = sourcecode.swift; path = TaskStorage.swift; sourceTree = "<group>"; };
		8C3C9ED82184DB7C002F4500 /* Result.swift */ = {isa = PBXFileReference; lastKnownFileType = sourcecode.swift; path = Result.swift; sourceTree = "<group>"; };
		8C3C9EDA2184DED1002F4500 /* ListStorage.swift */ = {isa = PBXFileReference; lastKnownFileType = sourcecode.swift; path = ListStorage.swift; sourceTree = "<group>"; };
		8C3C9EDC2184DF33002F4500 /* Typealiases.swift */ = {isa = PBXFileReference; lastKnownFileType = sourcecode.swift; path = Typealiases.swift; sourceTree = "<group>"; };
		8C3C9EDE2184E160002F4500 /* ListStorageImpl.swift */ = {isa = PBXFileReference; lastKnownFileType = sourcecode.swift; path = ListStorageImpl.swift; sourceTree = "<group>"; };
		8C3C9EE02184E17F002F4500 /* TaskStorageImpl.swift */ = {isa = PBXFileReference; lastKnownFileType = sourcecode.swift; path = TaskStorageImpl.swift; sourceTree = "<group>"; };
		8C3C9EE22184E29A002F4500 /* TaskStorageImplTests.swift */ = {isa = PBXFileReference; lastKnownFileType = sourcecode.swift; path = TaskStorageImplTests.swift; sourceTree = "<group>"; };
		8C3C9EE52184EE64002F4500 /* Task+Equatable.swift */ = {isa = PBXFileReference; lastKnownFileType = sourcecode.swift; path = "Task+Equatable.swift"; sourceTree = "<group>"; };
		8C3C9EE72184EE81002F4500 /* TestCase.swift */ = {isa = PBXFileReference; lastKnownFileType = sourcecode.swift; path = TestCase.swift; sourceTree = "<group>"; };
		8C3C9EEA21859545002F4500 /* RealmTask.swift */ = {isa = PBXFileReference; lastKnownFileType = sourcecode.swift; path = RealmTask.swift; sourceTree = "<group>"; };
		8C3C9EEC2185959C002F4500 /* StorageError.swift */ = {isa = PBXFileReference; lastKnownFileType = sourcecode.swift; path = StorageError.swift; sourceTree = "<group>"; };
		8C3C9EEE21859628002F4500 /* StorageTypealiases.swift */ = {isa = PBXFileReference; lastKnownFileType = sourcecode.swift; path = StorageTypealiases.swift; sourceTree = "<group>"; };
		8C3C9EF021859DB0002F4500 /* RealmList.swift */ = {isa = PBXFileReference; lastKnownFileType = sourcecode.swift; path = RealmList.swift; sourceTree = "<group>"; };
		8C3C9EF22185A0CC002F4500 /* ListStorageImplTests.swift */ = {isa = PBXFileReference; lastKnownFileType = sourcecode.swift; path = ListStorageImplTests.swift; sourceTree = "<group>"; };
		8C3C9EF62185B815002F4500 /* TestStorageUtility.swift */ = {isa = PBXFileReference; lastKnownFileType = sourcecode.swift; path = TestStorageUtility.swift; sourceTree = "<group>"; };
		8C3C9EF82185B897002F4500 /* TestStorageUtilityImpl.swift */ = {isa = PBXFileReference; lastKnownFileType = sourcecode.swift; path = TestStorageUtilityImpl.swift; sourceTree = "<group>"; };
		8C3C9F032185BE7F002F4500 /* ListRouterImpl.swift */ = {isa = PBXFileReference; lastKnownFileType = sourcecode.swift; path = ListRouterImpl.swift; sourceTree = "<group>"; };
		8C3C9F052185BE98002F4500 /* ListViewInput.swift */ = {isa = PBXFileReference; lastKnownFileType = sourcecode.swift; path = ListViewInput.swift; sourceTree = "<group>"; };
		8C3C9F072185BEAF002F4500 /* ListInteractorImpl.swift */ = {isa = PBXFileReference; lastKnownFileType = sourcecode.swift; path = ListInteractorImpl.swift; sourceTree = "<group>"; };
		8C3C9F092185BEC6002F4500 /* ListPresenterImpl.swift */ = {isa = PBXFileReference; lastKnownFileType = sourcecode.swift; path = ListPresenterImpl.swift; sourceTree = "<group>"; };
		8C3C9F0C2185BF88002F4500 /* TransitionHandler.swift */ = {isa = PBXFileReference; lastKnownFileType = sourcecode.swift; path = TransitionHandler.swift; sourceTree = "<group>"; };
		8C3C9F102185BFF7002F4500 /* ListAssembly.swift */ = {isa = PBXFileReference; lastKnownFileType = sourcecode.swift; path = ListAssembly.swift; sourceTree = "<group>"; };
		8C3C9F172185C852002F4500 /* ListViewController.swift */ = {isa = PBXFileReference; lastKnownFileType = sourcecode.swift; path = ListViewController.swift; sourceTree = "<group>"; };
		8C3C9F182185C852002F4500 /* ListViewController.xib */ = {isa = PBXFileReference; lastKnownFileType = file.xib; path = ListViewController.xib; sourceTree = "<group>"; };
		8C3C9F222185CD9C002F4500 /* ListCell.swift */ = {isa = PBXFileReference; lastKnownFileType = sourcecode.swift; path = ListCell.swift; sourceTree = "<group>"; };
		8C3C9F232185CD9C002F4500 /* ListCell.xib */ = {isa = PBXFileReference; lastKnownFileType = file.xib; path = ListCell.xib; sourceTree = "<group>"; };
		8C3C9F272185CDDC002F4500 /* UITableViewExtensions.swift */ = {isa = PBXFileReference; lastKnownFileType = sourcecode.swift; path = UITableViewExtensions.swift; sourceTree = "<group>"; };
		8C3C9F292185D1AA002F4500 /* ListDataFlow.swift */ = {isa = PBXFileReference; lastKnownFileType = sourcecode.swift; path = ListDataFlow.swift; sourceTree = "<group>"; };
		8C3C9F2C2185DA31002F4500 /* ListAssemblyTests.swift */ = {isa = PBXFileReference; lastKnownFileType = sourcecode.swift; path = ListAssemblyTests.swift; sourceTree = "<group>"; };
		8C3C9F2F2185DDAD002F4500 /* ListInteractorTests.swift */ = {isa = PBXFileReference; lastKnownFileType = sourcecode.swift; path = ListInteractorTests.swift; sourceTree = "<group>"; };
		8C3C9F3921860E8D002F4500 /* ConfigurableCell.swift */ = {isa = PBXFileReference; lastKnownFileType = sourcecode.swift; path = ConfigurableCell.swift; sourceTree = "<group>"; };
		8C3C9F3B21860EF1002F4500 /* ArrayExtensions.swift */ = {isa = PBXFileReference; lastKnownFileType = sourcecode.swift; path = ArrayExtensions.swift; sourceTree = "<group>"; };
		8C3C9F3F218613D5002F4500 /* TableDirector.swift */ = {isa = PBXFileReference; lastKnownFileType = sourcecode.swift; path = TableDirector.swift; sourceTree = "<group>"; };
		8C3C9F4121862381002F4500 /* KeyboardObserver.swift */ = {isa = PBXFileReference; lastKnownFileType = sourcecode.swift; path = KeyboardObserver.swift; sourceTree = "<group>"; };
		8C3C9F442186D0EE002F4500 /* Alert.swift */ = {isa = PBXFileReference; lastKnownFileType = sourcecode.swift; path = Alert.swift; sourceTree = "<group>"; };
		8C3C9F472186D5A5002F4500 /* ListViewModel.swift */ = {isa = PBXFileReference; lastKnownFileType = sourcecode.swift; path = ListViewModel.swift; sourceTree = "<group>"; };
		8C3C9F4B2186F601002F4500 /* Stub.swift */ = {isa = PBXFileReference; lastKnownFileType = sourcecode.swift; path = Stub.swift; sourceTree = "<group>"; };
		8C3C9F4D218700C7002F4500 /* ListPresenterTests.swift */ = {isa = PBXFileReference; lastKnownFileType = sourcecode.swift; path = ListPresenterTests.swift; sourceTree = "<group>"; };
		8C3C9F5221870B03002F4500 /* ListViewControllerTests.swift */ = {isa = PBXFileReference; lastKnownFileType = sourcecode.swift; path = ListViewControllerTests.swift; sourceTree = "<group>"; };
		8C3C9F5B218714CA002F4500 /* ActivityDisplayble.swift */ = {isa = PBXFileReference; lastKnownFileType = sourcecode.swift; path = ActivityDisplayble.swift; sourceTree = "<group>"; };
		8C3C9F5D218714DD002F4500 /* ActivityDisplaybleImpl.swift */ = {isa = PBXFileReference; lastKnownFileType = sourcecode.swift; path = ActivityDisplaybleImpl.swift; sourceTree = "<group>"; };
		8C3C9F6421872153002F4500 /* TodoApplicationUITests.xctest */ = {isa = PBXFileReference; explicitFileType = wrapper.cfbundle; includeInIndex = 0; path = TodoApplicationUITests.xctest; sourceTree = BUILT_PRODUCTS_DIR; };
		8C3C9F6821872154002F4500 /* Info.plist */ = {isa = PBXFileReference; lastKnownFileType = text.plist.xml; path = Info.plist; sourceTree = "<group>"; };
		8C3C9F6F2187221E002F4500 /* BaseTestAction.swift */ = {isa = PBXFileReference; lastKnownFileType = sourcecode.swift; path = BaseTestAction.swift; sourceTree = "<group>"; };
		8C3C9F7121872235002F4500 /* BaseTestCase.swift */ = {isa = PBXFileReference; lastKnownFileType = sourcecode.swift; path = BaseTestCase.swift; sourceTree = "<group>"; };
		8C3C9F732187227C002F4500 /* TestUtils.swift */ = {isa = PBXFileReference; lastKnownFileType = sourcecode.swift; path = TestUtils.swift; sourceTree = "<group>"; };
		8C3C9F7521872292002F4500 /* Navigator.swift */ = {isa = PBXFileReference; lastKnownFileType = sourcecode.swift; path = Navigator.swift; sourceTree = "<group>"; };
		8C3C9F77218722A3002F4500 /* KeyboardListener.swift */ = {isa = PBXFileReference; lastKnownFileType = sourcecode.swift; path = KeyboardListener.swift; sourceTree = "<group>"; };
		8C3C9F79218722C2002F4500 /* Atomic.swift */ = {isa = PBXFileReference; lastKnownFileType = sourcecode.swift; path = Atomic.swift; sourceTree = "<group>"; };
		8C3C9F822187236E002F4500 /* CreateNewListTestCase.swift */ = {isa = PBXFileReference; lastKnownFileType = sourcecode.swift; path = CreateNewListTestCase.swift; sourceTree = "<group>"; };
		8C3C9F842187243B002F4500 /* CreateListAction.swift */ = {isa = PBXFileReference; lastKnownFileType = sourcecode.swift; path = CreateListAction.swift; sourceTree = "<group>"; };
		8C3C9F86218724CD002F4500 /* UIAccessibilityIdentificationExtensions.swift */ = {isa = PBXFileReference; lastKnownFileType = sourcecode.swift; path = UIAccessibilityIdentificationExtensions.swift; sourceTree = "<group>"; };
		8C3C9F8A218729F6002F4500 /* EnterListNameAction.swift */ = {isa = PBXFileReference; lastKnownFileType = sourcecode.swift; path = EnterListNameAction.swift; sourceTree = "<group>"; };
		8C3C9F8E21873AAB002F4500 /* EarlGreyActions.swift */ = {isa = PBXFileReference; lastKnownFileType = sourcecode.swift; path = EarlGreyActions.swift; sourceTree = "<group>"; };
		8C3C9F9E218741FC002F4500 /* TaskViewInput.swift */ = {isa = PBXFileReference; fileEncoding = 4; lastKnownFileType = sourcecode.swift; path = TaskViewInput.swift; sourceTree = "<group>"; };
		8C3C9FA0218741FC002F4500 /* TaskCell.swift */ = {isa = PBXFileReference; fileEncoding = 4; lastKnownFileType = sourcecode.swift; path = TaskCell.swift; sourceTree = "<group>"; };
		8C3C9FA1218741FC002F4500 /* TaskCell.xib */ = {isa = PBXFileReference; fileEncoding = 4; lastKnownFileType = file.xib; path = TaskCell.xib; sourceTree = "<group>"; };
		8C3C9FA2218741FC002F4500 /* TaskViewController.xib */ = {isa = PBXFileReference; fileEncoding = 4; lastKnownFileType = file.xib; path = TaskViewController.xib; sourceTree = "<group>"; };
		8C3C9FA3218741FC002F4500 /* TaskViewController.swift */ = {isa = PBXFileReference; fileEncoding = 4; lastKnownFileType = sourcecode.swift; path = TaskViewController.swift; sourceTree = "<group>"; };
		8C3C9FA4218741FC002F4500 /* TaskViewTableDirector.swift */ = {isa = PBXFileReference; fileEncoding = 4; lastKnownFileType = sourcecode.swift; path = TaskViewTableDirector.swift; sourceTree = "<group>"; };
		8C3C9FA5218741FC002F4500 /* TaskDataFlow.swift */ = {isa = PBXFileReference; fileEncoding = 4; lastKnownFileType = sourcecode.swift; path = TaskDataFlow.swift; sourceTree = "<group>"; };
		8C3C9FA6218741FC002F4500 /* TaskViewModel.swift */ = {isa = PBXFileReference; fileEncoding = 4; lastKnownFileType = sourcecode.swift; path = TaskViewModel.swift; sourceTree = "<group>"; };
		8C3C9FA8218741FC002F4500 /* TaskInteractor.swift */ = {isa = PBXFileReference; fileEncoding = 4; lastKnownFileType = sourcecode.swift; path = TaskInteractor.swift; sourceTree = "<group>"; };
		8C3C9FAB218741FD002F4500 /* TaskAssembly.swift */ = {isa = PBXFileReference; fileEncoding = 4; lastKnownFileType = sourcecode.swift; path = TaskAssembly.swift; sourceTree = "<group>"; };
		8C3C9FAD218741FD002F4500 /* TaskPresenter.swift */ = {isa = PBXFileReference; fileEncoding = 4; lastKnownFileType = sourcecode.swift; path = TaskPresenter.swift; sourceTree = "<group>"; };
		8C3C9FBD21874E5A002F4500 /* DialogBuilder.swift */ = {isa = PBXFileReference; lastKnownFileType = sourcecode.swift; path = DialogBuilder.swift; sourceTree = "<group>"; };
		8C3C9FC1218756C2002F4500 /* TaskPresenterTests.swift */ = {isa = PBXFileReference; fileEncoding = 4; lastKnownFileType = sourcecode.swift; path = TaskPresenterTests.swift; sourceTree = "<group>"; };
		8C3C9FC2218756C2002F4500 /* TaskAssemblyTests.swift */ = {isa = PBXFileReference; fileEncoding = 4; lastKnownFileType = sourcecode.swift; path = TaskAssemblyTests.swift; sourceTree = "<group>"; };
		8C3C9FCA218756C2002F4500 /* TaskViewControllerTests.swift */ = {isa = PBXFileReference; fileEncoding = 4; lastKnownFileType = sourcecode.swift; path = TaskViewControllerTests.swift; sourceTree = "<group>"; };
		8C3C9FCB218756C2002F4500 /* TaskInteractorTests.swift */ = {isa = PBXFileReference; fileEncoding = 4; lastKnownFileType = sourcecode.swift; path = TaskInteractorTests.swift; sourceTree = "<group>"; };
		8C45A1EF2187A50200542D11 /* TaskPresenterMock.swift */ = {isa = PBXFileReference; lastKnownFileType = sourcecode.swift; path = TaskPresenterMock.swift; sourceTree = "<group>"; };
		8C5F242F2187606D00D207A1 /* ListRouterTests.swift */ = {isa = PBXFileReference; lastKnownFileType = sourcecode.swift; path = ListRouterTests.swift; sourceTree = "<group>"; };
		8C5F2433218760F500D207A1 /* ListRouterMock.swift */ = {isa = PBXFileReference; fileEncoding = 4; lastKnownFileType = sourcecode.swift; path = ListRouterMock.swift; sourceTree = "<group>"; };
		8C5F2434218760F500D207A1 /* TaskViewInputMock.swift */ = {isa = PBXFileReference; fileEncoding = 4; lastKnownFileType = sourcecode.swift; path = TaskViewInputMock.swift; sourceTree = "<group>"; };
		8C5F2435218760F500D207A1 /* ListViewInputMock.swift */ = {isa = PBXFileReference; fileEncoding = 4; lastKnownFileType = sourcecode.swift; path = ListViewInputMock.swift; sourceTree = "<group>"; };
		8C5F2436218760F500D207A1 /* TaskInteractorMock.swift */ = {isa = PBXFileReference; fileEncoding = 4; lastKnownFileType = sourcecode.swift; path = TaskInteractorMock.swift; sourceTree = "<group>"; };
		8C5F2437218760F500D207A1 /* ListPresenterMock.swift */ = {isa = PBXFileReference; fileEncoding = 4; lastKnownFileType = sourcecode.swift; path = ListPresenterMock.swift; sourceTree = "<group>"; };
		8C5F2438218760F500D207A1 /* ListStorageMock.swift */ = {isa = PBXFileReference; fileEncoding = 4; lastKnownFileType = sourcecode.swift; path = ListStorageMock.swift; sourceTree = "<group>"; };
		8C5F2439218760F500D207A1 /* TaskStorageMock.swift */ = {isa = PBXFileReference; fileEncoding = 4; lastKnownFileType = sourcecode.swift; path = TaskStorageMock.swift; sourceTree = "<group>"; };
		8C5F243B218760F500D207A1 /* ListInteractorMock.swift */ = {isa = PBXFileReference; fileEncoding = 4; lastKnownFileType = sourcecode.swift; path = ListInteractorMock.swift; sourceTree = "<group>"; };
		8C5F243C218760F500D207A1 /* TaskViewTableDirectorMock.swift */ = {isa = PBXFileReference; fileEncoding = 4; lastKnownFileType = sourcecode.swift; path = TaskViewTableDirectorMock.swift; sourceTree = "<group>"; };
		8C5F24492187610100D207A1 /* TransitionHandlerMock.swift */ = {isa = PBXFileReference; lastKnownFileType = sourcecode.swift; path = TransitionHandlerMock.swift; sourceTree = "<group>"; };
		8C5F244B218765E800D207A1 /* BaseCell.swift */ = {isa = PBXFileReference; lastKnownFileType = sourcecode.swift; path = BaseCell.swift; sourceTree = "<group>"; };
		8C5F24622187842800D207A1 /* AccessibleCell.swift */ = {isa = PBXFileReference; lastKnownFileType = sourcecode.swift; path = AccessibleCell.swift; sourceTree = "<group>"; };
		8CB184AF218B4C8400129C31 /* TableManagerMock.swift */ = {isa = PBXFileReference; lastKnownFileType = sourcecode.swift; path = TableManagerMock.swift; sourceTree = "<group>"; };
		8CB184B1218B50E200129C31 /* ListRouter.swift */ = {isa = PBXFileReference; lastKnownFileType = sourcecode.swift; path = ListRouter.swift; sourceTree = "<group>"; };
		8CB184B3218B510600129C31 /* ListPresenter.swift */ = {isa = PBXFileReference; lastKnownFileType = sourcecode.swift; path = ListPresenter.swift; sourceTree = "<group>"; };
		8CB184B5218B512F00129C31 /* ListInteractor.swift */ = {isa = PBXFileReference; lastKnownFileType = sourcecode.swift; path = ListInteractor.swift; sourceTree = "<group>"; };
		8CDDC090218A2B2F00D23170 /* TableManager.swift */ = {isa = PBXFileReference; lastKnownFileType = sourcecode.swift; path = TableManager.swift; sourceTree = "<group>"; };
		8CDDC092218A39A900D23170 /* CellConfigurator.swift */ = {isa = PBXFileReference; lastKnownFileType = sourcecode.swift; path = CellConfigurator.swift; sourceTree = "<group>"; };
		8CDDC094218A39C100D23170 /* TableCell.swift */ = {isa = PBXFileReference; lastKnownFileType = sourcecode.swift; path = TableCell.swift; sourceTree = "<group>"; };
		8CDDC096218A39DA00D23170 /* TableSection.swift */ = {isa = PBXFileReference; lastKnownFileType = sourcecode.swift; path = TableSection.swift; sourceTree = "<group>"; };
		8CDDC098218A3A6400D23170 /* TableCellAction.swift */ = {isa = PBXFileReference; lastKnownFileType = sourcecode.swift; path = TableCellAction.swift; sourceTree = "<group>"; };
		8CDDC09A218A4B6800D23170 /* ListTableBuilder.swift */ = {isa = PBXFileReference; lastKnownFileType = sourcecode.swift; path = ListTableBuilder.swift; sourceTree = "<group>"; };
		8CDDC09C218A4B9700D23170 /* TableBuilder.swift */ = {isa = PBXFileReference; lastKnownFileType = sourcecode.swift; path = TableBuilder.swift; sourceTree = "<group>"; };
		8CDDC09E218ABD9A00D23170 /* CellFocusable.swift */ = {isa = PBXFileReference; lastKnownFileType = sourcecode.swift; path = CellFocusable.swift; sourceTree = "<group>"; };
		8CDDC0A0218ADCFB00D23170 /* ListTableBuilderTests.swift */ = {isa = PBXFileReference; lastKnownFileType = sourcecode.swift; path = ListTableBuilderTests.swift; sourceTree = "<group>"; };
		AE0C703D376E6204152F9605 /* EarlGrey.swift */ = {isa = PBXFileReference; includeInIndex = 1; lastKnownFileType = sourcecode.swift; path = EarlGrey.swift; sourceTree = "<group>"; };
		B079FCFBA6A51118F88A244D /* Pods_TodoApplicationTests.framework */ = {isa = PBXFileReference; explicitFileType = wrapper.framework; includeInIndex = 0; path = Pods_TodoApplicationTests.framework; sourceTree = BUILT_PRODUCTS_DIR; };
		D1F19CEE97F9FEB255637457 /* EarlGrey.framework */ = {isa = PBXFileReference; lastKnownFileType = wrapper.framework; name = EarlGrey.framework; path = Pods/EarlGrey/EarlGrey/EarlGrey.framework; sourceTree = SOURCE_ROOT; };
		E2C708DAB6C83594CBA66A5D /* Pods-TodoApplicationTests.debug.xcconfig */ = {isa = PBXFileReference; includeInIndex = 1; lastKnownFileType = text.xcconfig; name = "Pods-TodoApplicationTests.debug.xcconfig"; path = "Pods/Target Support Files/Pods-TodoApplicationTests/Pods-TodoApplicationTests.debug.xcconfig"; sourceTree = "<group>"; };
/* End PBXFileReference section */

/* Begin PBXFrameworksBuildPhase section */
		8C3C9EA52184D3DF002F4500 /* Frameworks */ = {
			isa = PBXFrameworksBuildPhase;
			buildActionMask = 2147483647;
			files = (
				0071464AE98095B12778ED15 /* Pods_TodoApplication.framework in Frameworks */,
			);
			runOnlyForDeploymentPostprocessing = 0;
		};
		8C3C9EB92184D3E0002F4500 /* Frameworks */ = {
			isa = PBXFrameworksBuildPhase;
			buildActionMask = 2147483647;
			files = (
				9D12448EB1B0A3E0A78DD378 /* Pods_TodoApplicationTests.framework in Frameworks */,
			);
			runOnlyForDeploymentPostprocessing = 0;
		};
		8C3C9F6121872153002F4500 /* Frameworks */ = {
			isa = PBXFrameworksBuildPhase;
			buildActionMask = 2147483647;
			files = (
				617D6EFB7675BBEB9A3776DB /* EarlGrey.framework in Frameworks */,
				C72E180E779DE45BF60B3BA2 /* Pods_TodoApplicationUITests.framework in Frameworks */,
			);
			runOnlyForDeploymentPostprocessing = 0;
		};
/* End PBXFrameworksBuildPhase section */

/* Begin PBXGroup section */
		7C042111B4EA0B3368CF4C22 /* Frameworks */ = {
			isa = PBXGroup;
			children = (
				3A1DAC8422F13C2259D57BC8 /* Pods_TodoApplication.framework */,
				B079FCFBA6A51118F88A244D /* Pods_TodoApplicationTests.framework */,
				D1F19CEE97F9FEB255637457 /* EarlGrey.framework */,
				5E1C4C140F247C2F4227EB8C /* Pods_TodoApplicationUITests.framework */,
			);
			name = Frameworks;
			sourceTree = "<group>";
		};
		8C3C9E9F2184D3DF002F4500 = {
			isa = PBXGroup;
			children = (
				8C3C9EAA2184D3DF002F4500 /* TodoApplication */,
				8C3C9EBF2184D3E0002F4500 /* TodoApplicationTests */,
				8C3C9F6521872154002F4500 /* TodoApplicationUITests */,
				8C3C9EA92184D3DF002F4500 /* Products */,
				9B9C09DAC8BA123825F38EE3 /* Pods */,
				7C042111B4EA0B3368CF4C22 /* Frameworks */,
			);
			sourceTree = "<group>";
		};
		8C3C9EA92184D3DF002F4500 /* Products */ = {
			isa = PBXGroup;
			children = (
				8C3C9EA82184D3DF002F4500 /* TodoApplication.app */,
				8C3C9EBC2184D3E0002F4500 /* TodoApplicationTests.xctest */,
				FD0926068C7D6BFDDBAF4A14 /* Mocks */,
				8C3C9F6421872153002F4500 /* TodoApplicationUITests.xctest */,
			);
			name = Products;
			sourceTree = "<group>";
		};
		8C3C9EAA2184D3DF002F4500 /* TodoApplication */ = {
			isa = PBXGroup;
			children = (
				8C3C9EFB2185BDCD002F4500 /* Modules */,
				8C3C9ED52184DAAE002F4500 /* Storage */,
				8C3C9ED22184D93C002F4500 /* Core */,
				8C3C9ECD2184D784002F4500 /* Models */,
				8C3C9EAB2184D3DF002F4500 /* AppDelegate.swift */,
				8C3C9EAF2184D3DF002F4500 /* Main.storyboard */,
				8C3C9EB22184D3E0002F4500 /* Assets.xcassets */,
				8C3C9EB42184D3E0002F4500 /* LaunchScreen.storyboard */,
				8C3C9EB72184D3E0002F4500 /* Info.plist */,
			);
			path = TodoApplication;
			sourceTree = "<group>";
		};
		8C3C9EBF2184D3E0002F4500 /* TodoApplicationTests */ = {
			isa = PBXGroup;
			children = (
				8C5F2432218760F500D207A1 /* Mocks */,
				8C3C9F2B2185DA19002F4500 /* Modules */,
				8C3C9F122185C411002F4500 /* Storage */,
				8C3C9EE42184EE4B002F4500 /* UnitTestUtilities */,
				8C3C9EC22184D3E0002F4500 /* Info.plist */,
			);
			path = TodoApplicationTests;
			sourceTree = "<group>";
		};
		8C3C9ECD2184D784002F4500 /* Models */ = {
			isa = PBXGroup;
			children = (
				8C3C9ECE2184D7A4002F4500 /* Task.swift */,
				8C3C9ED02184D90C002F4500 /* List.swift */,
			);
			path = Models;
			sourceTree = "<group>";
		};
		8C3C9ED22184D93C002F4500 /* Core */ = {
			isa = PBXGroup;
			children = (
				8CDDC08F218A260800D23170 /* TableView */,
				8C3C9F5F21871E73002F4500 /* UI */,
				8C3C9F262185CDB5002F4500 /* Extensions */,
				8C3C9F0B2185BF7D002F4500 /* VIP */,
				8C3C9EDC2184DF33002F4500 /* Typealiases.swift */,
				8C3C9ED32184D947002F4500 /* Identifier.swift */,
				8C3C9ED82184DB7C002F4500 /* Result.swift */,
			);
			path = Core;
			sourceTree = "<group>";
		};
		8C3C9ED52184DAAE002F4500 /* Storage */ = {
			isa = PBXGroup;
			children = (
				8C3C9EE921859530002F4500 /* Realm */,
				8C3C9ED62184DAC4002F4500 /* TaskStorage.swift */,
				8C3C9EE02184E17F002F4500 /* TaskStorageImpl.swift */,
				8C3C9EDA2184DED1002F4500 /* ListStorage.swift */,
				8C3C9EDE2184E160002F4500 /* ListStorageImpl.swift */,
				8C3C9EEC2185959C002F4500 /* StorageError.swift */,
				8C3C9EEE21859628002F4500 /* StorageTypealiases.swift */,
			);
			path = Storage;
			sourceTree = "<group>";
		};
		8C3C9EE42184EE4B002F4500 /* UnitTestUtilities */ = {
			isa = PBXGroup;
			children = (
				8C3C9EE52184EE64002F4500 /* Task+Equatable.swift */,
				8C3C9EE72184EE81002F4500 /* TestCase.swift */,
				8C3C9EF62185B815002F4500 /* TestStorageUtility.swift */,
				8C3C9EF82185B897002F4500 /* TestStorageUtilityImpl.swift */,
				8C3C9F4B2186F601002F4500 /* Stub.swift */,
			);
			path = UnitTestUtilities;
			sourceTree = "<group>";
		};
		8C3C9EE921859530002F4500 /* Realm */ = {
			isa = PBXGroup;
			children = (
				8C3C9EEA21859545002F4500 /* RealmTask.swift */,
				8C3C9EF021859DB0002F4500 /* RealmList.swift */,
			);
			path = Realm;
			sourceTree = "<group>";
		};
		8C3C9EFB2185BDCD002F4500 /* Modules */ = {
			isa = PBXGroup;
			children = (
				8C3C9EFD2185BDE7002F4500 /* Task */,
				8C3C9EFC2185BDE1002F4500 /* List */,
			);
			path = Modules;
			sourceTree = "<group>";
		};
		8C3C9EFC2185BDE1002F4500 /* List */ = {
			isa = PBXGroup;
			children = (
				8C3C9EFE2185BE32002F4500 /* Assembly */,
				8C3C9F022185BE5D002F4500 /* Router */,
				8C3C9F012185BE55002F4500 /* View */,
				8C3C9EFF2185BE37002F4500 /* Interactor */,
				8C3C9F002185BE4E002F4500 /* Presenter */,
			);
			path = List;
			sourceTree = "<group>";
		};
		8C3C9EFD2185BDE7002F4500 /* Task */ = {
			isa = PBXGroup;
			children = (
				8C3C9FAA218741FD002F4500 /* Assembly */,
				8C3C9FA7218741FC002F4500 /* Interactor */,
				8C3C9FAC218741FD002F4500 /* Presenter */,
				8C3C9F9D218741FC002F4500 /* View */,
			);
			path = Task;
			sourceTree = "<group>";
		};
		8C3C9EFE2185BE32002F4500 /* Assembly */ = {
			isa = PBXGroup;
			children = (
				8C3C9F102185BFF7002F4500 /* ListAssembly.swift */,
			);
			path = Assembly;
			sourceTree = "<group>";
		};
		8C3C9EFF2185BE37002F4500 /* Interactor */ = {
			isa = PBXGroup;
			children = (
				8CB184B5218B512F00129C31 /* ListInteractor.swift */,
				8C3C9F072185BEAF002F4500 /* ListInteractorImpl.swift */,
			);
			path = Interactor;
			sourceTree = "<group>";
		};
		8C3C9F002185BE4E002F4500 /* Presenter */ = {
			isa = PBXGroup;
			children = (
				8CB184B3218B510600129C31 /* ListPresenter.swift */,
				8C3C9F092185BEC6002F4500 /* ListPresenterImpl.swift */,
				8CDDC09A218A4B6800D23170 /* ListTableBuilder.swift */,
			);
			path = Presenter;
			sourceTree = "<group>";
		};
		8C3C9F012185BE55002F4500 /* View */ = {
			isa = PBXGroup;
			children = (
				8C3C9F1B2185CC4C002F4500 /* Cells */,
				8C3C9F052185BE98002F4500 /* ListViewInput.swift */,
				8C3C9F472186D5A5002F4500 /* ListViewModel.swift */,
				8C3C9F172185C852002F4500 /* ListViewController.swift */,
				8C3C9F182185C852002F4500 /* ListViewController.xib */,
				8C3C9F292185D1AA002F4500 /* ListDataFlow.swift */,
			);
			path = View;
			sourceTree = "<group>";
		};
		8C3C9F022185BE5D002F4500 /* Router */ = {
			isa = PBXGroup;
			children = (
				8CB184B1218B50E200129C31 /* ListRouter.swift */,
				8C3C9F032185BE7F002F4500 /* ListRouterImpl.swift */,
			);
			path = Router;
			sourceTree = "<group>";
		};
		8C3C9F0B2185BF7D002F4500 /* VIP */ = {
			isa = PBXGroup;
			children = (
				8C3C9F0C2185BF88002F4500 /* TransitionHandler.swift */,
			);
			path = VIP;
			sourceTree = "<group>";
		};
		8C3C9F122185C411002F4500 /* Storage */ = {
			isa = PBXGroup;
			children = (
				8C3C9EE22184E29A002F4500 /* TaskStorageImplTests.swift */,
				8C3C9EF22185A0CC002F4500 /* ListStorageImplTests.swift */,
			);
			path = Storage;
			sourceTree = "<group>";
		};
		8C3C9F1B2185CC4C002F4500 /* Cells */ = {
			isa = PBXGroup;
			children = (
				8C3C9F222185CD9C002F4500 /* ListCell.swift */,
				8C3C9F232185CD9C002F4500 /* ListCell.xib */,
			);
			path = Cells;
			sourceTree = "<group>";
		};
		8C3C9F262185CDB5002F4500 /* Extensions */ = {
			isa = PBXGroup;
			children = (
				8C3C9F272185CDDC002F4500 /* UITableViewExtensions.swift */,
				8C3C9F3B21860EF1002F4500 /* ArrayExtensions.swift */,
				8C3C9F86218724CD002F4500 /* UIAccessibilityIdentificationExtensions.swift */,
			);
			path = Extensions;
			sourceTree = "<group>";
		};
		8C3C9F2B2185DA19002F4500 /* Modules */ = {
			isa = PBXGroup;
			children = (
				8C3C9FBF21875680002F4500 /* Task */,
				8C3C9F2E2185DA39002F4500 /* List */,
			);
			path = Modules;
			sourceTree = "<group>";
		};
		8C3C9F2E2185DA39002F4500 /* List */ = {
			isa = PBXGroup;
			children = (
				8C3C9F2C2185DA31002F4500 /* ListAssemblyTests.swift */,
				8C3C9F2F2185DDAD002F4500 /* ListInteractorTests.swift */,
				8C3C9F5221870B03002F4500 /* ListViewControllerTests.swift */,
				8CDDC0A0218ADCFB00D23170 /* ListTableBuilderTests.swift */,
				8C3C9F4D218700C7002F4500 /* ListPresenterTests.swift */,
				8C5F242F2187606D00D207A1 /* ListRouterTests.swift */,
			);
			path = List;
			sourceTree = "<group>";
		};
		8C3C9F5A218712CE002F4500 /* ActivityDisplayble */ = {
			isa = PBXGroup;
			children = (
				8C3C9F5B218714CA002F4500 /* ActivityDisplayble.swift */,
				8C3C9F5D218714DD002F4500 /* ActivityDisplaybleImpl.swift */,
			);
			path = ActivityDisplayble;
			sourceTree = "<group>";
		};
		8C3C9F5F21871E73002F4500 /* UI */ = {
			isa = PBXGroup;
			children = (
				8C3C9F3F218613D5002F4500 /* TableDirector.swift */,
				8C3C9F4121862381002F4500 /* KeyboardObserver.swift */,
				8C3C9F442186D0EE002F4500 /* Alert.swift */,
				8C3C9F5A218712CE002F4500 /* ActivityDisplayble */,
				8C3C9FBD21874E5A002F4500 /* DialogBuilder.swift */,
				8C5F244B218765E800D207A1 /* BaseCell.swift */,
				8C5F24622187842800D207A1 /* AccessibleCell.swift */,
			);
			path = UI;
			sourceTree = "<group>";
		};
		8C3C9F6521872154002F4500 /* TodoApplicationUITests */ = {
			isa = PBXGroup;
			children = (
				8C3C9F8121872347002F4500 /* TestCases */,
				8C3C9F802187233D002F4500 /* Actions */,
				8C3C9F6E218721FF002F4500 /* Utilities */,
				8C3C9F6821872154002F4500 /* Info.plist */,
				AE0C703D376E6204152F9605 /* EarlGrey.swift */,
			);
			path = TodoApplicationUITests;
			sourceTree = "<group>";
		};
		8C3C9F6E218721FF002F4500 /* Utilities */ = {
			isa = PBXGroup;
			children = (
				8C3C9F6F2187221E002F4500 /* BaseTestAction.swift */,
				8C3C9F7121872235002F4500 /* BaseTestCase.swift */,
				8C3C9F732187227C002F4500 /* TestUtils.swift */,
				8C3C9F7521872292002F4500 /* Navigator.swift */,
				8C3C9F77218722A3002F4500 /* KeyboardListener.swift */,
				8C3C9F79218722C2002F4500 /* Atomic.swift */,
				8C3C9F8E21873AAB002F4500 /* EarlGreyActions.swift */,
			);
			path = Utilities;
			sourceTree = "<group>";
		};
		8C3C9F802187233D002F4500 /* Actions */ = {
			isa = PBXGroup;
			children = (
				8C3C9F842187243B002F4500 /* CreateListAction.swift */,
				8C3C9F8A218729F6002F4500 /* EnterListNameAction.swift */,
			);
			path = Actions;
			sourceTree = "<group>";
		};
		8C3C9F8121872347002F4500 /* TestCases */ = {
			isa = PBXGroup;
			children = (
				8C3C9F822187236E002F4500 /* CreateNewListTestCase.swift */,
			);
			path = TestCases;
			sourceTree = "<group>";
		};
		8C3C9F9D218741FC002F4500 /* View */ = {
			isa = PBXGroup;
			children = (
				8C3C9F9F218741FC002F4500 /* Cells */,
				8C3C9F9E218741FC002F4500 /* TaskViewInput.swift */,
				8C3C9FA2218741FC002F4500 /* TaskViewController.xib */,
				8C3C9FA3218741FC002F4500 /* TaskViewController.swift */,
				8C3C9FA4218741FC002F4500 /* TaskViewTableDirector.swift */,
				8C3C9FA5218741FC002F4500 /* TaskDataFlow.swift */,
				8C3C9FA6218741FC002F4500 /* TaskViewModel.swift */,
			);
			path = View;
			sourceTree = "<group>";
		};
		8C3C9F9F218741FC002F4500 /* Cells */ = {
			isa = PBXGroup;
			children = (
				8C3C9FA0218741FC002F4500 /* TaskCell.swift */,
				8C3C9FA1218741FC002F4500 /* TaskCell.xib */,
			);
			path = Cells;
			sourceTree = "<group>";
		};
		8C3C9FA7218741FC002F4500 /* Interactor */ = {
			isa = PBXGroup;
			children = (
				8C3C9FA8218741FC002F4500 /* TaskInteractor.swift */,
			);
			path = Interactor;
			sourceTree = "<group>";
		};
		8C3C9FAA218741FD002F4500 /* Assembly */ = {
			isa = PBXGroup;
			children = (
				8C3C9FAB218741FD002F4500 /* TaskAssembly.swift */,
			);
			path = Assembly;
			sourceTree = "<group>";
		};
		8C3C9FAC218741FD002F4500 /* Presenter */ = {
			isa = PBXGroup;
			children = (
				8C3C9FAD218741FD002F4500 /* TaskPresenter.swift */,
			);
			path = Presenter;
			sourceTree = "<group>";
		};
		8C3C9FBF21875680002F4500 /* Task */ = {
			isa = PBXGroup;
			children = (
				8C3C9FC2218756C2002F4500 /* TaskAssemblyTests.swift */,
				8C3C9FCB218756C2002F4500 /* TaskInteractorTests.swift */,
				8C3C9FC1218756C2002F4500 /* TaskPresenterTests.swift */,
				8C3C9FCA218756C2002F4500 /* TaskViewControllerTests.swift */,
			);
			path = Task;
			sourceTree = "<group>";
		};
		8C5F2432218760F500D207A1 /* Mocks */ = {
			isa = PBXGroup;
			children = (
				8C5F2433218760F500D207A1 /* ListRouterMock.swift */,
				8C5F2434218760F500D207A1 /* TaskViewInputMock.swift */,
				8C5F2435218760F500D207A1 /* ListViewInputMock.swift */,
				8C5F2436218760F500D207A1 /* TaskInteractorMock.swift */,
				8C5F2437218760F500D207A1 /* ListPresenterMock.swift */,
				8C5F2438218760F500D207A1 /* ListStorageMock.swift */,
				8C5F2439218760F500D207A1 /* TaskStorageMock.swift */,
				8C5F243B218760F500D207A1 /* ListInteractorMock.swift */,
				8C5F243C218760F500D207A1 /* TaskViewTableDirectorMock.swift */,
				8C5F24492187610100D207A1 /* TransitionHandlerMock.swift */,
				8C45A1EF2187A50200542D11 /* TaskPresenterMock.swift */,
				8C1E1EA6218B3D95000C0984 /* ConfigurableCellMock.swift */,
				8CB184AF218B4C8400129C31 /* TableManagerMock.swift */,
			);
			path = Mocks;
			sourceTree = "<group>";
		};
		8CDDC08F218A260800D23170 /* TableView */ = {
			isa = PBXGroup;
			children = (
				8C3C9F3921860E8D002F4500 /* ConfigurableCell.swift */,
				8CDDC090218A2B2F00D23170 /* TableManager.swift */,
				8CDDC092218A39A900D23170 /* CellConfigurator.swift */,
				8CDDC094218A39C100D23170 /* TableCell.swift */,
				8CDDC096218A39DA00D23170 /* TableSection.swift */,
				8CDDC098218A3A6400D23170 /* TableCellAction.swift */,
				8CDDC09C218A4B9700D23170 /* TableBuilder.swift */,
				8CDDC09E218ABD9A00D23170 /* CellFocusable.swift */,
			);
			path = TableView;
			sourceTree = "<group>";
		};
		9B9C09DAC8BA123825F38EE3 /* Pods */ = {
			isa = PBXGroup;
			children = (
				6B8A785DE6E421C002381DD9 /* Pods-TodoApplication.debug.xcconfig */,
				5EBAAA6F3C4FF6FA513A9148 /* Pods-TodoApplication.release.xcconfig */,
				E2C708DAB6C83594CBA66A5D /* Pods-TodoApplicationTests.debug.xcconfig */,
				61025B58AE55B85870E34FF2 /* Pods-TodoApplicationTests.release.xcconfig */,
				2F1FA72C6A06E34AA2519FDD /* Pods-TodoApplicationUITests.debug.xcconfig */,
				5CA81EC6984FBBE1C2972F67 /* Pods-TodoApplicationUITests.release.xcconfig */,
			);
			name = Pods;
			sourceTree = "<group>";
		};
		FD0926068C7D6BFDDBAF4A14 /* Mocks */ = {
			isa = PBXGroup;
			children = (
			);
			name = Mocks;
			path = TodoApplicationTests/Mocks;
			sourceTree = "<group>";
		};
/* End PBXGroup section */

/* Begin PBXNativeTarget section */
		8C3C9EA72184D3DF002F4500 /* TodoApplication */ = {
			isa = PBXNativeTarget;
			buildConfigurationList = 8C3C9EC52184D3E0002F4500 /* Build configuration list for PBXNativeTarget "TodoApplication" */;
			buildPhases = (
				F3AE5710599C18BF025D52FE /* [CP] Check Pods Manifest.lock */,
				8C3C9EA42184D3DF002F4500 /* Sources */,
				8C3C9EA52184D3DF002F4500 /* Frameworks */,
				8C3C9EA62184D3DF002F4500 /* Resources */,
				8C3C9ECB2184D454002F4500 /* SwiftLint Autocorrect */,
				8C3C9ECC2184D47E002F4500 /* SwiftLint Lint */,
				714C809E462F7E7CE8DE0664 /* [CP] Embed Pods Frameworks */,
			);
			buildRules = (
			);
			dependencies = (
			);
			name = TodoApplication;
			productName = TodoApplication;
			productReference = 8C3C9EA82184D3DF002F4500 /* TodoApplication.app */;
			productType = "com.apple.product-type.application";
		};
		8C3C9EBB2184D3E0002F4500 /* TodoApplicationTests */ = {
			isa = PBXNativeTarget;
			buildConfigurationList = 8C3C9EC82184D3E0002F4500 /* Build configuration list for PBXNativeTarget "TodoApplicationTests" */;
			buildPhases = (
				154362E3F31C04125BEA8ED5 /* [CP] Check Pods Manifest.lock */,
				8C3C9EB82184D3E0002F4500 /* Sources */,
				8C3C9EB92184D3E0002F4500 /* Frameworks */,
				8C3C9EBA2184D3E0002F4500 /* Resources */,
				00CF452EB0D33112B5105E4E /* [CP] Embed Pods Frameworks */,
			);
			buildRules = (
			);
			dependencies = (
				8C3C9EBE2184D3E0002F4500 /* PBXTargetDependency */,
			);
			name = TodoApplicationTests;
			productName = TodoApplicationTests;
			productReference = 8C3C9EBC2184D3E0002F4500 /* TodoApplicationTests.xctest */;
			productType = "com.apple.product-type.bundle.unit-test";
		};
		8C3C9F6321872153002F4500 /* TodoApplicationUITests */ = {
			isa = PBXNativeTarget;
			buildConfigurationList = 8C3C9F6B21872154002F4500 /* Build configuration list for PBXNativeTarget "TodoApplicationUITests" */;
			buildPhases = (
				CFD32F99B90CEA35CAD3731E /* [CP] Check Pods Manifest.lock */,
				8C3C9F6021872153002F4500 /* Sources */,
				8C3C9F6121872153002F4500 /* Frameworks */,
				8C3C9F6221872153002F4500 /* Resources */,
				DA9AD8B989135270E323CF93 /* EarlGrey Copy Files */,
				D5B81E34B2A1AC0CE81EE7B7 /* [CP] Embed Pods Frameworks */,
			);
			buildRules = (
			);
			dependencies = (
				8C3C9F6A21872154002F4500 /* PBXTargetDependency */,
			);
			name = TodoApplicationUITests;
			productName = TodoApplicationUITests;
			productReference = 8C3C9F6421872153002F4500 /* TodoApplicationUITests.xctest */;
			productType = "com.apple.product-type.bundle.unit-test";
		};
/* End PBXNativeTarget section */

/* Begin PBXProject section */
		8C3C9EA02184D3DF002F4500 /* Project object */ = {
			isa = PBXProject;
			attributes = {
				LastSwiftUpdateCheck = 1000;
				LastUpgradeCheck = 1000;
				ORGANIZATIONNAME = "Калтырин Владимир Александрович";
				TargetAttributes = {
					8C3C9EA72184D3DF002F4500 = {
						CreatedOnToolsVersion = 10.0;
					};
					8C3C9EBB2184D3E0002F4500 = {
						CreatedOnToolsVersion = 10.0;
						TestTargetID = 8C3C9EA72184D3DF002F4500;
					};
					8C3C9F6321872153002F4500 = {
						CreatedOnToolsVersion = 10.0;
						TestTargetID = 8C3C9EA72184D3DF002F4500;
					};
				};
			};
			buildConfigurationList = 8C3C9EA32184D3DF002F4500 /* Build configuration list for PBXProject "TodoApplication" */;
			compatibilityVersion = "Xcode 9.3";
			developmentRegion = en;
			hasScannedForEncodings = 0;
			knownRegions = (
				en,
				Base,
			);
			mainGroup = 8C3C9E9F2184D3DF002F4500;
			productRefGroup = 8C3C9EA92184D3DF002F4500 /* Products */;
			projectDirPath = "";
			projectRoot = "";
			targets = (
				8C3C9EA72184D3DF002F4500 /* TodoApplication */,
				8C3C9EBB2184D3E0002F4500 /* TodoApplicationTests */,
				8C3C9F6321872153002F4500 /* TodoApplicationUITests */,
			);
		};
/* End PBXProject section */

/* Begin PBXResourcesBuildPhase section */
		8C3C9EA62184D3DF002F4500 /* Resources */ = {
			isa = PBXResourcesBuildPhase;
			buildActionMask = 2147483647;
			files = (
				8C3C9EB62184D3E0002F4500 /* LaunchScreen.storyboard in Resources */,
				8C3C9FB2218741FD002F4500 /* TaskCell.xib in Resources */,
				8C3C9FB3218741FD002F4500 /* TaskViewController.xib in Resources */,
				8C3C9F252185CD9C002F4500 /* ListCell.xib in Resources */,
				8C3C9EB32184D3E0002F4500 /* Assets.xcassets in Resources */,
				8C3C9F1A2185C852002F4500 /* ListViewController.xib in Resources */,
				8C3C9EB12184D3DF002F4500 /* Main.storyboard in Resources */,
			);
			runOnlyForDeploymentPostprocessing = 0;
		};
		8C3C9EBA2184D3E0002F4500 /* Resources */ = {
			isa = PBXResourcesBuildPhase;
			buildActionMask = 2147483647;
			files = (
			);
			runOnlyForDeploymentPostprocessing = 0;
		};
		8C3C9F6221872153002F4500 /* Resources */ = {
			isa = PBXResourcesBuildPhase;
			buildActionMask = 2147483647;
			files = (
			);
			runOnlyForDeploymentPostprocessing = 0;
		};
/* End PBXResourcesBuildPhase section */

/* Begin PBXShellScriptBuildPhase section */
		00CF452EB0D33112B5105E4E /* [CP] Embed Pods Frameworks */ = {
			isa = PBXShellScriptBuildPhase;
			buildActionMask = 2147483647;
			files = (
			);
			inputPaths = (
				"${SRCROOT}/Pods/Target Support Files/Pods-TodoApplicationTests/Pods-TodoApplicationTests-frameworks.sh",
				"${BUILT_PRODUCTS_DIR}/Realm/Realm.framework",
				"${BUILT_PRODUCTS_DIR}/RealmSwift/RealmSwift.framework",
			);
			name = "[CP] Embed Pods Frameworks";
			outputPaths = (
				"${TARGET_BUILD_DIR}/${FRAMEWORKS_FOLDER_PATH}/Realm.framework",
				"${TARGET_BUILD_DIR}/${FRAMEWORKS_FOLDER_PATH}/RealmSwift.framework",
			);
			runOnlyForDeploymentPostprocessing = 0;
			shellPath = /bin/sh;
			shellScript = "\"${SRCROOT}/Pods/Target Support Files/Pods-TodoApplicationTests/Pods-TodoApplicationTests-frameworks.sh\"\n";
			showEnvVarsInLog = 0;
		};
		154362E3F31C04125BEA8ED5 /* [CP] Check Pods Manifest.lock */ = {
			isa = PBXShellScriptBuildPhase;
			buildActionMask = 2147483647;
			files = (
			);
			inputPaths = (
				"${PODS_PODFILE_DIR_PATH}/Podfile.lock",
				"${PODS_ROOT}/Manifest.lock",
			);
			name = "[CP] Check Pods Manifest.lock";
			outputPaths = (
				"$(DERIVED_FILE_DIR)/Pods-TodoApplicationTests-checkManifestLockResult.txt",
			);
			runOnlyForDeploymentPostprocessing = 0;
			shellPath = /bin/sh;
			shellScript = "diff \"${PODS_PODFILE_DIR_PATH}/Podfile.lock\" \"${PODS_ROOT}/Manifest.lock\" > /dev/null\nif [ $? != 0 ] ; then\n    # print error to STDERR\n    echo \"error: The sandbox is not in sync with the Podfile.lock. Run 'pod install' or update your CocoaPods installation.\" >&2\n    exit 1\nfi\n# This output is used by Xcode 'outputs' to avoid re-running this script phase.\necho \"SUCCESS\" > \"${SCRIPT_OUTPUT_FILE_0}\"\n";
			showEnvVarsInLog = 0;
		};
		714C809E462F7E7CE8DE0664 /* [CP] Embed Pods Frameworks */ = {
			isa = PBXShellScriptBuildPhase;
			buildActionMask = 2147483647;
			files = (
			);
			inputPaths = (
				"${SRCROOT}/Pods/Target Support Files/Pods-TodoApplication/Pods-TodoApplication-frameworks.sh",
				"${BUILT_PRODUCTS_DIR}/Realm/Realm.framework",
				"${BUILT_PRODUCTS_DIR}/RealmSwift/RealmSwift.framework",
			);
			name = "[CP] Embed Pods Frameworks";
			outputPaths = (
				"${TARGET_BUILD_DIR}/${FRAMEWORKS_FOLDER_PATH}/Realm.framework",
				"${TARGET_BUILD_DIR}/${FRAMEWORKS_FOLDER_PATH}/RealmSwift.framework",
			);
			runOnlyForDeploymentPostprocessing = 0;
			shellPath = /bin/sh;
			shellScript = "\"${SRCROOT}/Pods/Target Support Files/Pods-TodoApplication/Pods-TodoApplication-frameworks.sh\"\n";
			showEnvVarsInLog = 0;
		};
		8C3C9ECB2184D454002F4500 /* SwiftLint Autocorrect */ = {
			isa = PBXShellScriptBuildPhase;
			buildActionMask = 2147483647;
			files = (
			);
			inputPaths = (
			);
			name = "SwiftLint Autocorrect";
			outputPaths = (
			);
			runOnlyForDeploymentPostprocessing = 0;
			shellPath = /bin/sh;
			shellScript = "${PODS_ROOT}/SwiftLint/swiftlint autocorrect\n";
		};
		8C3C9ECC2184D47E002F4500 /* SwiftLint Lint */ = {
			isa = PBXShellScriptBuildPhase;
			buildActionMask = 2147483647;
			files = (
			);
			inputPaths = (
			);
			name = "SwiftLint Lint";
			outputPaths = (
			);
			runOnlyForDeploymentPostprocessing = 0;
			shellPath = /bin/sh;
			shellScript = "${PODS_ROOT}/SwiftLint/swiftlint\n";
		};
		CFD32F99B90CEA35CAD3731E /* [CP] Check Pods Manifest.lock */ = {
			isa = PBXShellScriptBuildPhase;
			buildActionMask = 2147483647;
			files = (
			);
			inputPaths = (
				"${PODS_PODFILE_DIR_PATH}/Podfile.lock",
				"${PODS_ROOT}/Manifest.lock",
			);
			name = "[CP] Check Pods Manifest.lock";
			outputPaths = (
				"$(DERIVED_FILE_DIR)/Pods-TodoApplicationUITests-checkManifestLockResult.txt",
			);
			runOnlyForDeploymentPostprocessing = 0;
			shellPath = /bin/sh;
			shellScript = "diff \"${PODS_PODFILE_DIR_PATH}/Podfile.lock\" \"${PODS_ROOT}/Manifest.lock\" > /dev/null\nif [ $? != 0 ] ; then\n    # print error to STDERR\n    echo \"error: The sandbox is not in sync with the Podfile.lock. Run 'pod install' or update your CocoaPods installation.\" >&2\n    exit 1\nfi\n# This output is used by Xcode 'outputs' to avoid re-running this script phase.\necho \"SUCCESS\" > \"${SCRIPT_OUTPUT_FILE_0}\"\n";
			showEnvVarsInLog = 0;
		};
		D5B81E34B2A1AC0CE81EE7B7 /* [CP] Embed Pods Frameworks */ = {
			isa = PBXShellScriptBuildPhase;
			buildActionMask = 2147483647;
			files = (
			);
			inputPaths = (
				"${SRCROOT}/Pods/Target Support Files/Pods-TodoApplicationUITests/Pods-TodoApplicationUITests-frameworks.sh",
				"${BUILT_PRODUCTS_DIR}/Realm/Realm.framework",
				"${BUILT_PRODUCTS_DIR}/RealmSwift/RealmSwift.framework",
				"${PODS_ROOT}/EarlGrey/EarlGrey/EarlGrey.framework",
			);
			name = "[CP] Embed Pods Frameworks";
			outputPaths = (
				"${TARGET_BUILD_DIR}/${FRAMEWORKS_FOLDER_PATH}/Realm.framework",
				"${TARGET_BUILD_DIR}/${FRAMEWORKS_FOLDER_PATH}/RealmSwift.framework",
				"${TARGET_BUILD_DIR}/${FRAMEWORKS_FOLDER_PATH}/EarlGrey.framework",
			);
			runOnlyForDeploymentPostprocessing = 0;
			shellPath = /bin/sh;
			shellScript = "\"${SRCROOT}/Pods/Target Support Files/Pods-TodoApplicationUITests/Pods-TodoApplicationUITests-frameworks.sh\"\n";
			showEnvVarsInLog = 0;
		};
		F3AE5710599C18BF025D52FE /* [CP] Check Pods Manifest.lock */ = {
			isa = PBXShellScriptBuildPhase;
			buildActionMask = 2147483647;
			files = (
			);
			inputPaths = (
				"${PODS_PODFILE_DIR_PATH}/Podfile.lock",
				"${PODS_ROOT}/Manifest.lock",
			);
			name = "[CP] Check Pods Manifest.lock";
			outputPaths = (
				"$(DERIVED_FILE_DIR)/Pods-TodoApplication-checkManifestLockResult.txt",
			);
			runOnlyForDeploymentPostprocessing = 0;
			shellPath = /bin/sh;
			shellScript = "diff \"${PODS_PODFILE_DIR_PATH}/Podfile.lock\" \"${PODS_ROOT}/Manifest.lock\" > /dev/null\nif [ $? != 0 ] ; then\n    # print error to STDERR\n    echo \"error: The sandbox is not in sync with the Podfile.lock. Run 'pod install' or update your CocoaPods installation.\" >&2\n    exit 1\nfi\n# This output is used by Xcode 'outputs' to avoid re-running this script phase.\necho \"SUCCESS\" > \"${SCRIPT_OUTPUT_FILE_0}\"\n";
			showEnvVarsInLog = 0;
		};
/* End PBXShellScriptBuildPhase section */

/* Begin PBXSourcesBuildPhase section */
		8C3C9EA42184D3DF002F4500 /* Sources */ = {
			isa = PBXSourcesBuildPhase;
			buildActionMask = 2147483647;
			files = (
				8CB184B2218B50E200129C31 /* ListRouter.swift in Sources */,
				8C3C9FB4218741FD002F4500 /* TaskViewController.swift in Sources */,
				8C3C9F3A21860E8E002F4500 /* ConfigurableCell.swift in Sources */,
				8C3C9F4221862381002F4500 /* KeyboardObserver.swift in Sources */,
				8C3C9EDD2184DF33002F4500 /* Typealiases.swift in Sources */,
				8CDDC09F218ABD9A00D23170 /* CellFocusable.swift in Sources */,
				8C3C9FBA218741FD002F4500 /* TaskAssembly.swift in Sources */,
				8C3C9F5E218714DD002F4500 /* ActivityDisplaybleImpl.swift in Sources */,
				8C3C9F0A2185BEC6002F4500 /* ListPresenterImpl.swift in Sources */,
				8C3C9F0D2185BF88002F4500 /* TransitionHandler.swift in Sources */,
				8C3C9EED2185959C002F4500 /* StorageError.swift in Sources */,
				8C3C9F40218613D5002F4500 /* TableDirector.swift in Sources */,
				8C3C9FBE21874E5A002F4500 /* DialogBuilder.swift in Sources */,
				8C3C9F062185BE98002F4500 /* ListViewInput.swift in Sources */,
				8C3C9EEB21859545002F4500 /* RealmTask.swift in Sources */,
				8C5F244C218765E800D207A1 /* BaseCell.swift in Sources */,
				8C3C9ED42184D947002F4500 /* Identifier.swift in Sources */,
				8C3C9ED72184DAC4002F4500 /* TaskStorage.swift in Sources */,
				8C3C9FB0218741FD002F4500 /* TaskViewInput.swift in Sources */,
				8C3C9F112185BFF7002F4500 /* ListAssembly.swift in Sources */,
				8C3C9ED12184D90C002F4500 /* List.swift in Sources */,
				8C3C9F87218724CD002F4500 /* UIAccessibilityIdentificationExtensions.swift in Sources */,
				8C3C9FB5218741FD002F4500 /* TaskViewTableDirector.swift in Sources */,
				8C3C9EDF2184E160002F4500 /* ListStorageImpl.swift in Sources */,
				8C3C9EF121859DB0002F4500 /* RealmList.swift in Sources */,
				8C3C9ED92184DB7C002F4500 /* Result.swift in Sources */,
				8C3C9F5C218714CA002F4500 /* ActivityDisplayble.swift in Sources */,
				8CDDC097218A39DA00D23170 /* TableSection.swift in Sources */,
				8C3C9EE12184E17F002F4500 /* TaskStorageImpl.swift in Sources */,
				8C3C9FB6218741FD002F4500 /* TaskDataFlow.swift in Sources */,
				8CB184B4218B510600129C31 /* ListPresenter.swift in Sources */,
				8C3C9F282185CDDC002F4500 /* UITableViewExtensions.swift in Sources */,
				8C3C9F192185C852002F4500 /* ListViewController.swift in Sources */,
				8C3C9F082185BEAF002F4500 /* ListInteractorImpl.swift in Sources */,
				8C3C9EEF21859628002F4500 /* StorageTypealiases.swift in Sources */,
				8CDDC09B218A4B6800D23170 /* ListTableBuilder.swift in Sources */,
				8CDDC095218A39C100D23170 /* TableCell.swift in Sources */,
				8C3C9FBB218741FD002F4500 /* TaskPresenter.swift in Sources */,
				8CB184B6218B512F00129C31 /* ListInteractor.swift in Sources */,
				8C3C9F482186D5A5002F4500 /* ListViewModel.swift in Sources */,
				8C3C9F042185BE7F002F4500 /* ListRouterImpl.swift in Sources */,
				8C3C9FB7218741FD002F4500 /* TaskViewModel.swift in Sources */,
				8CDDC09D218A4B9700D23170 /* TableBuilder.swift in Sources */,
				8CDDC093218A39A900D23170 /* CellConfigurator.swift in Sources */,
				8C3C9F452186D0EE002F4500 /* Alert.swift in Sources */,
				8C3C9F2A2185D1AA002F4500 /* ListDataFlow.swift in Sources */,
				8C3C9EDB2184DED1002F4500 /* ListStorage.swift in Sources */,
				8CDDC099218A3A6400D23170 /* TableCellAction.swift in Sources */,
				8C5F24632187842800D207A1 /* AccessibleCell.swift in Sources */,
				8C3C9F242185CD9C002F4500 /* ListCell.swift in Sources */,
				8CDDC091218A2B2F00D23170 /* TableManager.swift in Sources */,
				8C3C9FB8218741FD002F4500 /* TaskInteractor.swift in Sources */,
				8C3C9ECF2184D7A4002F4500 /* Task.swift in Sources */,
				8C3C9FB1218741FD002F4500 /* TaskCell.swift in Sources */,
				8C3C9F3C21860EF1002F4500 /* ArrayExtensions.swift in Sources */,
				8C3C9EAC2184D3DF002F4500 /* AppDelegate.swift in Sources */,
			);
			runOnlyForDeploymentPostprocessing = 0;
		};
		8C3C9EB82184D3E0002F4500 /* Sources */ = {
			isa = PBXSourcesBuildPhase;
			buildActionMask = 2147483647;
			files = (
				8C5F2444218760F600D207A1 /* TaskStorageMock.swift in Sources */,
				8C3C9FCD218756C3002F4500 /* TaskAssemblyTests.swift in Sources */,
				8C5F2447218760F600D207A1 /* TaskViewTableDirectorMock.swift in Sources */,
				8C3C9F4C2186F602002F4500 /* Stub.swift in Sources */,
				8C5F243F218760F600D207A1 /* TaskViewInputMock.swift in Sources */,
				8C3C9FCC218756C3002F4500 /* TaskPresenterTests.swift in Sources */,
				8C3C9EE32184E29A002F4500 /* TaskStorageImplTests.swift in Sources */,
				8C3C9F4E218700C7002F4500 /* ListPresenterTests.swift in Sources */,
				8CB184B0218B4C8400129C31 /* TableManagerMock.swift in Sources */,
				8C3C9F5321870B03002F4500 /* ListViewControllerTests.swift in Sources */,
				8C3C9EF72185B815002F4500 /* TestStorageUtility.swift in Sources */,
				8C3C9EE62184EE64002F4500 /* Task+Equatable.swift in Sources */,
				8C5F2440218760F600D207A1 /* ListViewInputMock.swift in Sources */,
				8C3C9EF92185B897002F4500 /* TestStorageUtilityImpl.swift in Sources */,
				8C5F2442218760F600D207A1 /* ListPresenterMock.swift in Sources */,
				8C5F2441218760F600D207A1 /* TaskInteractorMock.swift in Sources */,
				8C3C9EE82184EE81002F4500 /* TestCase.swift in Sources */,
				8C3C9F2D2185DA31002F4500 /* ListAssemblyTests.swift in Sources */,
				8CDDC0A1218ADCFB00D23170 /* ListTableBuilderTests.swift in Sources */,
				8C5F243E218760F600D207A1 /* ListRouterMock.swift in Sources */,
				8C3C9F302185DDAE002F4500 /* ListInteractorTests.swift in Sources */,
				8C5F24302187606D00D207A1 /* ListRouterTests.swift in Sources */,
				8C1E1EA7218B3D95000C0984 /* ConfigurableCellMock.swift in Sources */,
				8C3C9EF32185A0CC002F4500 /* ListStorageImplTests.swift in Sources */,
				8C5F2446218760F600D207A1 /* ListInteractorMock.swift in Sources */,
				8C5F2443218760F600D207A1 /* ListStorageMock.swift in Sources */,
				8C5F244A2187610100D207A1 /* TransitionHandlerMock.swift in Sources */,
				8C3C9FD4218756C3002F4500 /* TaskViewControllerTests.swift in Sources */,
				8C3C9FD5218756C3002F4500 /* TaskInteractorTests.swift in Sources */,
				8C45A1F02187A50200542D11 /* TaskPresenterMock.swift in Sources */,
			);
			runOnlyForDeploymentPostprocessing = 0;
		};
		8C3C9F6021872153002F4500 /* Sources */ = {
			isa = PBXSourcesBuildPhase;
			buildActionMask = 2147483647;
			files = (
				8C3C9F702187221E002F4500 /* BaseTestAction.swift in Sources */,
				8C3C9F8921872937002F4500 /* TestStorageUtilityImpl.swift in Sources */,
				8C3C9F8F21873AAB002F4500 /* EarlGreyActions.swift in Sources */,
				8C3C9F852187243B002F4500 /* CreateListAction.swift in Sources */,
				8C3C9F7621872292002F4500 /* Navigator.swift in Sources */,
				8C3C9F8821872935002F4500 /* TestStorageUtility.swift in Sources */,
				8C3C9F7221872235002F4500 /* BaseTestCase.swift in Sources */,
				991C9E411C41FEC5B93054CF /* EarlGrey.swift in Sources */,
				8C3C9F832187236E002F4500 /* CreateNewListTestCase.swift in Sources */,
				8C3C9F78218722A3002F4500 /* KeyboardListener.swift in Sources */,
				8C3C9F7A218722C2002F4500 /* Atomic.swift in Sources */,
				8C3C9F742187227C002F4500 /* TestUtils.swift in Sources */,
				8C3C9F8B218729F6002F4500 /* EnterListNameAction.swift in Sources */,
			);
			runOnlyForDeploymentPostprocessing = 0;
		};
/* End PBXSourcesBuildPhase section */

/* Begin PBXTargetDependency section */
		8C3C9EBE2184D3E0002F4500 /* PBXTargetDependency */ = {
			isa = PBXTargetDependency;
			target = 8C3C9EA72184D3DF002F4500 /* TodoApplication */;
			targetProxy = 8C3C9EBD2184D3E0002F4500 /* PBXContainerItemProxy */;
		};
		8C3C9F6A21872154002F4500 /* PBXTargetDependency */ = {
			isa = PBXTargetDependency;
			target = 8C3C9EA72184D3DF002F4500 /* TodoApplication */;
			targetProxy = 8C3C9F6921872154002F4500 /* PBXContainerItemProxy */;
		};
/* End PBXTargetDependency section */

/* Begin PBXVariantGroup section */
		8C3C9EAF2184D3DF002F4500 /* Main.storyboard */ = {
			isa = PBXVariantGroup;
			children = (
				8C3C9EB02184D3DF002F4500 /* Base */,
			);
			name = Main.storyboard;
			sourceTree = "<group>";
		};
		8C3C9EB42184D3E0002F4500 /* LaunchScreen.storyboard */ = {
			isa = PBXVariantGroup;
			children = (
				8C3C9EB52184D3E0002F4500 /* Base */,
			);
			name = LaunchScreen.storyboard;
			sourceTree = "<group>";
		};
/* End PBXVariantGroup section */

/* Begin XCBuildConfiguration section */
		8C3C9EC32184D3E0002F4500 /* Debug */ = {
			isa = XCBuildConfiguration;
			buildSettings = {
				ALWAYS_SEARCH_USER_PATHS = NO;
				CLANG_ANALYZER_NONNULL = YES;
				CLANG_ANALYZER_NUMBER_OBJECT_CONVERSION = YES_AGGRESSIVE;
				CLANG_CXX_LANGUAGE_STANDARD = "gnu++14";
				CLANG_CXX_LIBRARY = "libc++";
				CLANG_ENABLE_MODULES = YES;
				CLANG_ENABLE_OBJC_ARC = YES;
				CLANG_ENABLE_OBJC_WEAK = YES;
				CLANG_WARN_BLOCK_CAPTURE_AUTORELEASING = YES;
				CLANG_WARN_BOOL_CONVERSION = YES;
				CLANG_WARN_COMMA = YES;
				CLANG_WARN_CONSTANT_CONVERSION = YES;
				CLANG_WARN_DEPRECATED_OBJC_IMPLEMENTATIONS = YES;
				CLANG_WARN_DIRECT_OBJC_ISA_USAGE = YES_ERROR;
				CLANG_WARN_DOCUMENTATION_COMMENTS = YES;
				CLANG_WARN_EMPTY_BODY = YES;
				CLANG_WARN_ENUM_CONVERSION = YES;
				CLANG_WARN_INFINITE_RECURSION = YES;
				CLANG_WARN_INT_CONVERSION = YES;
				CLANG_WARN_NON_LITERAL_NULL_CONVERSION = YES;
				CLANG_WARN_OBJC_IMPLICIT_RETAIN_SELF = YES;
				CLANG_WARN_OBJC_LITERAL_CONVERSION = YES;
				CLANG_WARN_OBJC_ROOT_CLASS = YES_ERROR;
				CLANG_WARN_RANGE_LOOP_ANALYSIS = YES;
				CLANG_WARN_STRICT_PROTOTYPES = YES;
				CLANG_WARN_SUSPICIOUS_MOVE = YES;
				CLANG_WARN_UNGUARDED_AVAILABILITY = YES_AGGRESSIVE;
				CLANG_WARN_UNREACHABLE_CODE = YES;
				CLANG_WARN__DUPLICATE_METHOD_MATCH = YES;
				CODE_SIGN_IDENTITY = "iPhone Developer";
				COPY_PHASE_STRIP = NO;
				DEBUG_INFORMATION_FORMAT = dwarf;
				ENABLE_STRICT_OBJC_MSGSEND = YES;
				ENABLE_TESTABILITY = YES;
				GCC_C_LANGUAGE_STANDARD = gnu11;
				GCC_DYNAMIC_NO_PIC = NO;
				GCC_NO_COMMON_BLOCKS = YES;
				GCC_OPTIMIZATION_LEVEL = 0;
				GCC_PREPROCESSOR_DEFINITIONS = (
					"DEBUG=1",
					"$(inherited)",
				);
				GCC_WARN_64_TO_32_BIT_CONVERSION = YES;
				GCC_WARN_ABOUT_RETURN_TYPE = YES_ERROR;
				GCC_WARN_UNDECLARED_SELECTOR = YES;
				GCC_WARN_UNINITIALIZED_AUTOS = YES_AGGRESSIVE;
				GCC_WARN_UNUSED_FUNCTION = YES;
				GCC_WARN_UNUSED_VARIABLE = YES;
				IPHONEOS_DEPLOYMENT_TARGET = 12.0;
				MTL_ENABLE_DEBUG_INFO = INCLUDE_SOURCE;
				MTL_FAST_MATH = YES;
				ONLY_ACTIVE_ARCH = YES;
				SDKROOT = iphoneos;
				SWIFT_ACTIVE_COMPILATION_CONDITIONS = DEBUG;
				SWIFT_OPTIMIZATION_LEVEL = "-Onone";
			};
			name = Debug;
		};
		8C3C9EC42184D3E0002F4500 /* Release */ = {
			isa = XCBuildConfiguration;
			buildSettings = {
				ALWAYS_SEARCH_USER_PATHS = NO;
				CLANG_ANALYZER_NONNULL = YES;
				CLANG_ANALYZER_NUMBER_OBJECT_CONVERSION = YES_AGGRESSIVE;
				CLANG_CXX_LANGUAGE_STANDARD = "gnu++14";
				CLANG_CXX_LIBRARY = "libc++";
				CLANG_ENABLE_MODULES = YES;
				CLANG_ENABLE_OBJC_ARC = YES;
				CLANG_ENABLE_OBJC_WEAK = YES;
				CLANG_WARN_BLOCK_CAPTURE_AUTORELEASING = YES;
				CLANG_WARN_BOOL_CONVERSION = YES;
				CLANG_WARN_COMMA = YES;
				CLANG_WARN_CONSTANT_CONVERSION = YES;
				CLANG_WARN_DEPRECATED_OBJC_IMPLEMENTATIONS = YES;
				CLANG_WARN_DIRECT_OBJC_ISA_USAGE = YES_ERROR;
				CLANG_WARN_DOCUMENTATION_COMMENTS = YES;
				CLANG_WARN_EMPTY_BODY = YES;
				CLANG_WARN_ENUM_CONVERSION = YES;
				CLANG_WARN_INFINITE_RECURSION = YES;
				CLANG_WARN_INT_CONVERSION = YES;
				CLANG_WARN_NON_LITERAL_NULL_CONVERSION = YES;
				CLANG_WARN_OBJC_IMPLICIT_RETAIN_SELF = YES;
				CLANG_WARN_OBJC_LITERAL_CONVERSION = YES;
				CLANG_WARN_OBJC_ROOT_CLASS = YES_ERROR;
				CLANG_WARN_RANGE_LOOP_ANALYSIS = YES;
				CLANG_WARN_STRICT_PROTOTYPES = YES;
				CLANG_WARN_SUSPICIOUS_MOVE = YES;
				CLANG_WARN_UNGUARDED_AVAILABILITY = YES_AGGRESSIVE;
				CLANG_WARN_UNREACHABLE_CODE = YES;
				CLANG_WARN__DUPLICATE_METHOD_MATCH = YES;
				CODE_SIGN_IDENTITY = "iPhone Developer";
				COPY_PHASE_STRIP = NO;
				DEBUG_INFORMATION_FORMAT = "dwarf-with-dsym";
				ENABLE_NS_ASSERTIONS = NO;
				ENABLE_STRICT_OBJC_MSGSEND = YES;
				GCC_C_LANGUAGE_STANDARD = gnu11;
				GCC_NO_COMMON_BLOCKS = YES;
				GCC_WARN_64_TO_32_BIT_CONVERSION = YES;
				GCC_WARN_ABOUT_RETURN_TYPE = YES_ERROR;
				GCC_WARN_UNDECLARED_SELECTOR = YES;
				GCC_WARN_UNINITIALIZED_AUTOS = YES_AGGRESSIVE;
				GCC_WARN_UNUSED_FUNCTION = YES;
				GCC_WARN_UNUSED_VARIABLE = YES;
				IPHONEOS_DEPLOYMENT_TARGET = 12.0;
				MTL_ENABLE_DEBUG_INFO = NO;
				MTL_FAST_MATH = YES;
				SDKROOT = iphoneos;
				SWIFT_COMPILATION_MODE = wholemodule;
				SWIFT_OPTIMIZATION_LEVEL = "-O";
				VALIDATE_PRODUCT = YES;
			};
			name = Release;
		};
		8C3C9EC62184D3E0002F4500 /* Debug */ = {
			isa = XCBuildConfiguration;
			baseConfigurationReference = 6B8A785DE6E421C002381DD9 /* Pods-TodoApplication.debug.xcconfig */;
			buildSettings = {
				ASSETCATALOG_COMPILER_APPICON_NAME = AppIcon;
				CODE_SIGN_STYLE = Automatic;
				DEVELOPMENT_TEAM = Y6QKS4Y8B9;
				INFOPLIST_FILE = TodoApplication/Info.plist;
				LD_RUNPATH_SEARCH_PATHS = (
					"$(inherited)",
					"@executable_path/Frameworks",
				);
				PRODUCT_BUNDLE_IDENTIFIER = com.vkaltyrin.TodoApplication;
				PRODUCT_NAME = "$(TARGET_NAME)";
				SWIFT_VERSION = 4.2;
				TARGETED_DEVICE_FAMILY = "1,2";
			};
			name = Debug;
		};
		8C3C9EC72184D3E0002F4500 /* Release */ = {
			isa = XCBuildConfiguration;
			baseConfigurationReference = 5EBAAA6F3C4FF6FA513A9148 /* Pods-TodoApplication.release.xcconfig */;
			buildSettings = {
				ASSETCATALOG_COMPILER_APPICON_NAME = AppIcon;
				CODE_SIGN_STYLE = Automatic;
				DEVELOPMENT_TEAM = Y6QKS4Y8B9;
				INFOPLIST_FILE = TodoApplication/Info.plist;
				LD_RUNPATH_SEARCH_PATHS = (
					"$(inherited)",
					"@executable_path/Frameworks",
				);
				PRODUCT_BUNDLE_IDENTIFIER = com.vkaltyrin.TodoApplication;
				PRODUCT_NAME = "$(TARGET_NAME)";
				SWIFT_VERSION = 4.2;
				TARGETED_DEVICE_FAMILY = "1,2";
			};
			name = Release;
		};
		8C3C9EC92184D3E0002F4500 /* Debug */ = {
			isa = XCBuildConfiguration;
			baseConfigurationReference = E2C708DAB6C83594CBA66A5D /* Pods-TodoApplicationTests.debug.xcconfig */;
			buildSettings = {
				ALWAYS_EMBED_SWIFT_STANDARD_LIBRARIES = YES;
				BUNDLE_LOADER = "$(TEST_HOST)";
				CODE_SIGN_STYLE = Automatic;
				DEVELOPMENT_TEAM = Y6QKS4Y8B9;
				INFOPLIST_FILE = TodoApplicationTests/Info.plist;
				LD_RUNPATH_SEARCH_PATHS = (
					"$(inherited)",
					"@executable_path/Frameworks",
					"@loader_path/Frameworks",
				);
				PRODUCT_BUNDLE_IDENTIFIER = com.vkaltyrin.TodoApplicationTests;
				PRODUCT_NAME = "$(TARGET_NAME)";
				SWIFT_VERSION = 4.2;
				TARGETED_DEVICE_FAMILY = "1,2";
				TEST_HOST = "$(BUILT_PRODUCTS_DIR)/TodoApplication.app/TodoApplication";
			};
			name = Debug;
		};
		8C3C9ECA2184D3E0002F4500 /* Release */ = {
			isa = XCBuildConfiguration;
			baseConfigurationReference = 61025B58AE55B85870E34FF2 /* Pods-TodoApplicationTests.release.xcconfig */;
			buildSettings = {
				ALWAYS_EMBED_SWIFT_STANDARD_LIBRARIES = YES;
				BUNDLE_LOADER = "$(TEST_HOST)";
				CODE_SIGN_STYLE = Automatic;
				DEVELOPMENT_TEAM = Y6QKS4Y8B9;
				INFOPLIST_FILE = TodoApplicationTests/Info.plist;
				LD_RUNPATH_SEARCH_PATHS = (
					"$(inherited)",
					"@executable_path/Frameworks",
					"@loader_path/Frameworks",
				);
				PRODUCT_BUNDLE_IDENTIFIER = com.vkaltyrin.TodoApplicationTests;
				PRODUCT_NAME = "$(TARGET_NAME)";
				SWIFT_VERSION = 4.2;
				TARGETED_DEVICE_FAMILY = "1,2";
				TEST_HOST = "$(BUILT_PRODUCTS_DIR)/TodoApplication.app/TodoApplication";
			};
			name = Release;
		};
		8C3C9F6C21872154002F4500 /* Debug */ = {
			isa = XCBuildConfiguration;
			baseConfigurationReference = 2F1FA72C6A06E34AA2519FDD /* Pods-TodoApplicationUITests.debug.xcconfig */;
			buildSettings = {
				BUNDLE_LOADER = "$(TEST_HOST)";
				CODE_SIGN_STYLE = Automatic;
				DEVELOPMENT_TEAM = Y6QKS4Y8B9;
				INFOPLIST_FILE = TodoApplicationUITests/Info.plist;
				LD_RUNPATH_SEARCH_PATHS = (
					"$(inherited)",
					"@executable_path/Frameworks",
					"@loader_path/Frameworks",
				);
				PRODUCT_BUNDLE_IDENTIFIER = com.vkaltyrin.TodoApplicationUITests;
				PRODUCT_NAME = "$(TARGET_NAME)";
				SWIFT_VERSION = 4.2;
				TARGETED_DEVICE_FAMILY = "1,2";
				TEST_HOST = "$(BUILT_PRODUCTS_DIR)/TodoApplication.app/TodoApplication";
			};
			name = Debug;
		};
		8C3C9F6D21872154002F4500 /* Release */ = {
			isa = XCBuildConfiguration;
			baseConfigurationReference = 5CA81EC6984FBBE1C2972F67 /* Pods-TodoApplicationUITests.release.xcconfig */;
			buildSettings = {
				BUNDLE_LOADER = "$(TEST_HOST)";
				CODE_SIGN_STYLE = Automatic;
				DEVELOPMENT_TEAM = Y6QKS4Y8B9;
				INFOPLIST_FILE = TodoApplicationUITests/Info.plist;
				LD_RUNPATH_SEARCH_PATHS = (
					"$(inherited)",
					"@executable_path/Frameworks",
					"@loader_path/Frameworks",
				);
				PRODUCT_BUNDLE_IDENTIFIER = com.vkaltyrin.TodoApplicationUITests;
				PRODUCT_NAME = "$(TARGET_NAME)";
				SWIFT_VERSION = 4.2;
				TARGETED_DEVICE_FAMILY = "1,2";
				TEST_HOST = "$(BUILT_PRODUCTS_DIR)/TodoApplication.app/TodoApplication";
			};
			name = Release;
		};
/* End XCBuildConfiguration section */

/* Begin XCConfigurationList section */
		8C3C9EA32184D3DF002F4500 /* Build configuration list for PBXProject "TodoApplication" */ = {
			isa = XCConfigurationList;
			buildConfigurations = (
				8C3C9EC32184D3E0002F4500 /* Debug */,
				8C3C9EC42184D3E0002F4500 /* Release */,
			);
			defaultConfigurationIsVisible = 0;
			defaultConfigurationName = Release;
		};
		8C3C9EC52184D3E0002F4500 /* Build configuration list for PBXNativeTarget "TodoApplication" */ = {
			isa = XCConfigurationList;
			buildConfigurations = (
				8C3C9EC62184D3E0002F4500 /* Debug */,
				8C3C9EC72184D3E0002F4500 /* Release */,
			);
			defaultConfigurationIsVisible = 0;
			defaultConfigurationName = Release;
		};
		8C3C9EC82184D3E0002F4500 /* Build configuration list for PBXNativeTarget "TodoApplicationTests" */ = {
			isa = XCConfigurationList;
			buildConfigurations = (
				8C3C9EC92184D3E0002F4500 /* Debug */,
				8C3C9ECA2184D3E0002F4500 /* Release */,
			);
			defaultConfigurationIsVisible = 0;
			defaultConfigurationName = Release;
		};
		8C3C9F6B21872154002F4500 /* Build configuration list for PBXNativeTarget "TodoApplicationUITests" */ = {
			isa = XCConfigurationList;
			buildConfigurations = (
				8C3C9F6C21872154002F4500 /* Debug */,
				8C3C9F6D21872154002F4500 /* Release */,
			);
			defaultConfigurationIsVisible = 0;
			defaultConfigurationName = Release;
		};
/* End XCConfigurationList section */
	};
	rootObject = 8C3C9EA02184D3DF002F4500 /* Project object */;
}
